{
  "object": {
    "pins": [
      {
        "package": "Auburn",
        "repositoryURL": "https://github.com/OperatorFoundation/Auburn.git",
        "state": {
          "branch": null,
          "revision": "dc7115e4a5aff277b52a311c1d69c0ad4897ab69",
          "version": "0.2.5"
        }
      },
      {
        "package": "Datable",
        "repositoryURL": "https://github.com/OperatorFoundation/Datable.git",
        "state": {
          "branch": null,
          "revision": "eccbedd3c89007691034b951a1fc0780e54701ea",
          "version": "1.1.1"
        }
      },
      {
        "package": "RedShot",
        "repositoryURL": "https://github.com/OperatorFoundation/Redshot.git",
        "state": {
          "branch": null,
          "revision": "b70bc0f28ad8a65b1aa3000740743782fe3e9bbf",
          "version": "0.5.0"
        }
      },
      {
        "package": "ZIPFoundation",
        "repositoryURL": "https://github.com/weichsel/ZIPFoundation/",
        "state": {
          "branch": null,
          "revision": "edbeaa39b426e54702194b0a601342322f01e400",
          "version": "0.9.9"
        }
      }
    ]
  },
  "version": 1
}
