{
  "object": {
    "pins": [
      {
        "package": "Auburn",
        "repositoryURL": "https://github.com/OperatorFoundation/Auburn.git",
        "state": {
          "branch": null,
          "revision": "48856a02650add508c2b0e40eb9bae8fdd86ccd7",
          "version": "0.2.1"
        }
      },
      {
        "package": "Datable",
        "repositoryURL": "https://github.com/OperatorFoundation/Datable.git",
        "state": {
          "branch": null,
          "revision": "cc91e8b71dbbe125a19090c26f4e8c21b6d0dcb4",
          "version": "1.0.5"
        }
      },
      {
        "package": "RedShot",
        "repositoryURL": "https://github.com/OperatorFoundation/Redshot.git",
        "state": {
          "branch": null,
          "revision": "e80546f6552c712fd1c643b1b757aef5669a7113",
          "version": "0.4.0"
        }
      },
      {
        "package": "ZIPFoundation",
        "repositoryURL": "https://github.com/weichsel/ZIPFoundation/",
        "state": {
          "branch": null,
          "revision": "edbeaa39b426e54702194b0a601342322f01e400",
          "version": "0.9.9"
        }
      }
    ]
  },
  "version": 1
}
