{
  "object": {
    "pins": [
      {
        "package": "Auburn",
        "repositoryURL": "https://github.com/OperatorFoundation/Auburn.git",
        "state": {
          "branch": null,
          "revision": "317484ab5e50d19dd2d0605542e4fd69dac09df2",
          "version": "0.1.23"
        }
      },
      {
        "package": "Datable",
        "repositoryURL": "https://github.com/OperatorFoundation/Datable.git",
        "state": {
          "branch": null,
          "revision": "a70d277ddda3189965a979724e0486dadd702a0c",
          "version": "0.0.10"
        }
      },
      {
        "package": "RedShot",
        "repositoryURL": "https://github.com/OperatorFoundation/Redshot.git",
        "state": {
          "branch": null,
          "revision": "b292f9b814ada65f1ec55e1a267a2fe4465dbb7d",
          "version": "0.3.10"
        }
      }
    ]
  },
  "version": 1
}
