// !$*UTF8*$!
{
	archiveVersion = 1;
	classes = {
	};
	objectVersion = 48;
	objects = {

/* Begin PBXBuildFile section */
		460CF7DA20758D2C00FB3723 /* redis-server in Resources */ = {isa = PBXBuildFile; fileRef = 460CF7D220758D2C00FB3723 /* redis-server */; };
		460CF7DD2076AFDA00FB3723 /* RedisServerController.swift in Sources */ = {isa = PBXBuildFile; fileRef = 460CF7DC2076AFDA00FB3723 /* RedisServerController.swift */; };
		460CF7E62076C3D800FB3723 /* LaunchRedisServerScript.sh in Resources */ = {isa = PBXBuildFile; fileRef = 460CF7E52076C3D800FB3723 /* LaunchRedisServerScript.sh */; };
		460CF7E82076C76D00FB3723 /* ShutdownRedisServerScript.sh in Resources */ = {isa = PBXBuildFile; fileRef = 460CF7E72076C76D00FB3723 /* ShutdownRedisServerScript.sh */; };
		460CF7EA2076EB0800FB3723 /* redis.conf in Resources */ = {isa = PBXBuildFile; fileRef = 460CF7E92076EB0800FB3723 /* redis.conf */; };
		460CF7EC2076F75A00FB3723 /* redis-cli in Resources */ = {isa = PBXBuildFile; fileRef = 460CF7EB2076F75A00FB3723 /* redis-cli */; };
		46175B6920253F86009311D6 /* FakeConnectionGenerator.swift in Sources */ = {isa = PBXBuildFile; fileRef = 46175B6820253F86009311D6 /* FakeConnectionGenerator.swift */; };
		46175B6C202CE3DB009311D6 /* Entropy.swift in Sources */ = {isa = PBXBuildFile; fileRef = 46175B6B202CE3DB009311D6 /* Entropy.swift */; };
		46175B75202D2CDE009311D6 /* ConnectionInspector.swift in Sources */ = {isa = PBXBuildFile; fileRef = 46175B74202D2CDE009311D6 /* ConnectionInspector.swift */; };
		46175B78202D4545009311D6 /* PacketLengths.swift in Sources */ = {isa = PBXBuildFile; fileRef = 46175B77202D4545009311D6 /* PacketLengths.swift */; };
		46175B7A202D466A009311D6 /* Timing.swift in Sources */ = {isa = PBXBuildFile; fileRef = 46175B79202D466A009311D6 /* Timing.swift */; };
		46175B7C202D46AF009311D6 /* Sequences.swift in Sources */ = {isa = PBXBuildFile; fileRef = 46175B7B202D46AF009311D6 /* Sequences.swift */; };
		462271F72049021A00F21D08 /* DataHelper.swift in Sources */ = {isa = PBXBuildFile; fileRef = 462271F62049021A00F21D08 /* DataHelper.swift */; };
		4651A15120083BF700037D31 /* AppDelegate.swift in Sources */ = {isa = PBXBuildFile; fileRef = 4651A15020083BF700037D31 /* AppDelegate.swift */; };
		4651A15320083BF700037D31 /* ViewController.swift in Sources */ = {isa = PBXBuildFile; fileRef = 4651A15220083BF700037D31 /* ViewController.swift */; };
		4651A15520083BF700037D31 /* Assets.xcassets in Resources */ = {isa = PBXBuildFile; fileRef = 4651A15420083BF700037D31 /* Assets.xcassets */; };
		4651A15820083BF700037D31 /* Main.storyboard in Resources */ = {isa = PBXBuildFile; fileRef = 4651A15620083BF700037D31 /* Main.storyboard */; };
		4651A16F20083BF700037D31 /* AdversaryLabSwiftUITests.swift in Sources */ = {isa = PBXBuildFile; fileRef = 4651A16E20083BF700037D31 /* AdversaryLabSwiftUITests.swift */; };
		4651A1A82009403800037D31 /* AdversaryLabSwiftTests.swift in Sources */ = {isa = PBXBuildFile; fileRef = 4651A1A72009403800037D31 /* AdversaryLabSwiftTests.swift */; };
		467E493A2017F166008B19E3 /* Constants.swift in Sources */ = {isa = PBXBuildFile; fileRef = 467E49392017F166008B19E3 /* Constants.swift */; };
		468B26412023BBB6000A2B5D /* Auburn.framework in Frameworks */ = {isa = PBXBuildFile; fileRef = 46D8512B201FE4B50052DF49 /* Auburn.framework */; settings = {ATTRIBUTES = (Required, ); }; };
		468B26452023C082000A2B5D /* Auburn.framework in Embed Frameworks */ = {isa = PBXBuildFile; fileRef = 46D8512B201FE4B50052DF49 /* Auburn.framework */; settings = {ATTRIBUTES = (CodeSignOnCopy, RemoveHeadersOnCopy, ); }; };
		468B26482023C092000A2B5D /* RedShot.framework in Frameworks */ = {isa = PBXBuildFile; fileRef = 46D8512D201FE4B50052DF49 /* RedShot.framework */; };
		468B26492023C092000A2B5D /* RedShot.framework in Embed Frameworks */ = {isa = PBXBuildFile; fileRef = 46D8512D201FE4B50052DF49 /* RedShot.framework */; settings = {ATTRIBUTES = (CodeSignOnCopy, RemoveHeadersOnCopy, ); }; };
		468B264C2023C099000A2B5D /* Datable.framework in Frameworks */ = {isa = PBXBuildFile; fileRef = 46D8512F201FE4B50052DF49 /* Datable.framework */; };
		468B264D2023C099000A2B5D /* Datable.framework in Embed Frameworks */ = {isa = PBXBuildFile; fileRef = 46D8512F201FE4B50052DF49 /* Datable.framework */; settings = {ATTRIBUTES = (CodeSignOnCopy, RemoveHeadersOnCopy, ); }; };
		468B26522023D016000A2B5D /* ObservedConnections.swift in Sources */ = {isa = PBXBuildFile; fileRef = 468B26512023D016000A2B5D /* ObservedConnections.swift */; };
		468EF6B6207FEDA40007D0DF /* subsequences.so in Resources */ = {isa = PBXBuildFile; fileRef = 468EF6B5207FEDA40007D0DF /* subsequences.so */; };
		CA727CD42050A3580051A01B /* README.md in Resources */ = {isa = PBXBuildFile; fileRef = CA727CD32050A3580051A01B /* README.md */; };
		CAA6C98320642A2D00EE8DF1 /* KnownProtocols.swift in Sources */ = {isa = PBXBuildFile; fileRef = CAA6C97A20642A2D00EE8DF1 /* KnownProtocols.swift */; };
		CAA6C98420642A2D00EE8DF1 /* TLS12.swift in Sources */ = {isa = PBXBuildFile; fileRef = CAA6C97B20642A2D00EE8DF1 /* TLS12.swift */; };
/* End PBXBuildFile section */

/* Begin PBXContainerItemProxy section */
		4651A16020083BF700037D31 /* PBXContainerItemProxy */ = {
			isa = PBXContainerItemProxy;
			containerPortal = 4651A14520083BF700037D31 /* Project object */;
			proxyType = 1;
			remoteGlobalIDString = 4651A14C20083BF700037D31;
			remoteInfo = AdversaryLabSwift;
		};
		4651A16B20083BF700037D31 /* PBXContainerItemProxy */ = {
			isa = PBXContainerItemProxy;
			containerPortal = 4651A14520083BF700037D31 /* Project object */;
			proxyType = 1;
			remoteGlobalIDString = 4651A14C20083BF700037D31;
			remoteInfo = AdversaryLabSwift;
		};
		468B26462023C082000A2B5D /* PBXContainerItemProxy */ = {
			isa = PBXContainerItemProxy;
			containerPortal = 46037C7A200FDB5100FC368F /* AdversaryLabSwiftPackage.xcodeproj */;
			proxyType = 1;
			remoteGlobalIDString = "Auburn::Auburn";
			remoteInfo = Auburn;
		};
		468B264A2023C092000A2B5D /* PBXContainerItemProxy */ = {
			isa = PBXContainerItemProxy;
			containerPortal = 46037C7A200FDB5100FC368F /* AdversaryLabSwiftPackage.xcodeproj */;
			proxyType = 1;
			remoteGlobalIDString = "RedShot::RedShot";
			remoteInfo = RedShot;
		};
		468B264E2023C099000A2B5D /* PBXContainerItemProxy */ = {
			isa = PBXContainerItemProxy;
			containerPortal = 46037C7A200FDB5100FC368F /* AdversaryLabSwiftPackage.xcodeproj */;
			proxyType = 1;
			remoteGlobalIDString = "Datable::Datable";
			remoteInfo = Datable;
		};
		46D85126201FE4B50052DF49 /* PBXContainerItemProxy */ = {
			isa = PBXContainerItemProxy;
			containerPortal = 46037C7A200FDB5100FC368F /* AdversaryLabSwiftPackage.xcodeproj */;
			proxyType = 2;
			remoteGlobalIDString = "AdversaryLabSwiftPackage::AdversaryLabSwiftPackageTests::Product";
			remoteInfo = AdversaryLabSwiftPackageTests;
		};
		46D85128201FE4B50052DF49 /* PBXContainerItemProxy */ = {
			isa = PBXContainerItemProxy;
			containerPortal = 46037C7A200FDB5100FC368F /* AdversaryLabSwiftPackage.xcodeproj */;
			proxyType = 2;
			remoteGlobalIDString = "AdversaryLabSwiftPackage::AdversaryLabSwiftPackage::Product";
			remoteInfo = AdversaryLabSwiftPackage;
		};
		46D8512A201FE4B50052DF49 /* PBXContainerItemProxy */ = {
			isa = PBXContainerItemProxy;
			containerPortal = 46037C7A200FDB5100FC368F /* AdversaryLabSwiftPackage.xcodeproj */;
			proxyType = 2;
			remoteGlobalIDString = "Auburn::Auburn::Product";
			remoteInfo = Auburn;
		};
		46D8512C201FE4B50052DF49 /* PBXContainerItemProxy */ = {
			isa = PBXContainerItemProxy;
			containerPortal = 46037C7A200FDB5100FC368F /* AdversaryLabSwiftPackage.xcodeproj */;
			proxyType = 2;
			remoteGlobalIDString = "RedShot::RedShot::Product";
			remoteInfo = RedShot;
		};
		46D8512E201FE4B50052DF49 /* PBXContainerItemProxy */ = {
			isa = PBXContainerItemProxy;
			containerPortal = 46037C7A200FDB5100FC368F /* AdversaryLabSwiftPackage.xcodeproj */;
			proxyType = 2;
			remoteGlobalIDString = "Datable::Datable::Product";
			remoteInfo = Datable;
		};
/* End PBXContainerItemProxy section */

/* Begin PBXCopyFilesBuildPhase section */
		4651A19F20093CBA00037D31 /* Embed Frameworks */ = {
			isa = PBXCopyFilesBuildPhase;
			buildActionMask = 2147483647;
			dstPath = "";
			dstSubfolderSpec = 10;
			files = (
				468B26492023C092000A2B5D /* RedShot.framework in Embed Frameworks */,
				468B264D2023C099000A2B5D /* Datable.framework in Embed Frameworks */,
				468B26452023C082000A2B5D /* Auburn.framework in Embed Frameworks */,
			);
			name = "Embed Frameworks";
			runOnlyForDeploymentPostprocessing = 0;
		};
/* End PBXCopyFilesBuildPhase section */

/* Begin PBXFileReference section */
		46037C7A200FDB5100FC368F /* AdversaryLabSwiftPackage.xcodeproj */ = {isa = PBXFileReference; lastKnownFileType = "wrapper.pb-project"; name = AdversaryLabSwiftPackage.xcodeproj; path = ../AdversaryLabSwiftPackage/AdversaryLabSwiftPackage.xcodeproj; sourceTree = "<group>"; };
		460CF7D220758D2C00FB3723 /* redis-server */ = {isa = PBXFileReference; lastKnownFileType = "compiled.mach-o.executable"; path = "redis-server"; sourceTree = "<group>"; };
		460CF7DC2076AFDA00FB3723 /* RedisServerController.swift */ = {isa = PBXFileReference; lastKnownFileType = sourcecode.swift; path = RedisServerController.swift; sourceTree = "<group>"; };
		460CF7E52076C3D800FB3723 /* LaunchRedisServerScript.sh */ = {isa = PBXFileReference; fileEncoding = 4; lastKnownFileType = text.script.sh; path = LaunchRedisServerScript.sh; sourceTree = "<group>"; };
		460CF7E72076C76D00FB3723 /* ShutdownRedisServerScript.sh */ = {isa = PBXFileReference; fileEncoding = 4; lastKnownFileType = text.script.sh; path = ShutdownRedisServerScript.sh; sourceTree = "<group>"; };
		460CF7E92076EB0800FB3723 /* redis.conf */ = {isa = PBXFileReference; fileEncoding = 4; lastKnownFileType = text; path = redis.conf; sourceTree = "<group>"; };
		460CF7EB2076F75A00FB3723 /* redis-cli */ = {isa = PBXFileReference; lastKnownFileType = "compiled.mach-o.executable"; path = "redis-cli"; sourceTree = "<group>"; };
		46175B6820253F86009311D6 /* FakeConnectionGenerator.swift */ = {isa = PBXFileReference; lastKnownFileType = sourcecode.swift; path = FakeConnectionGenerator.swift; sourceTree = "<group>"; };
		46175B6B202CE3DB009311D6 /* Entropy.swift */ = {isa = PBXFileReference; lastKnownFileType = sourcecode.swift; path = Entropy.swift; sourceTree = "<group>"; };
		46175B74202D2CDE009311D6 /* ConnectionInspector.swift */ = {isa = PBXFileReference; lastKnownFileType = sourcecode.swift; path = ConnectionInspector.swift; sourceTree = "<group>"; };
		46175B77202D4545009311D6 /* PacketLengths.swift */ = {isa = PBXFileReference; lastKnownFileType = sourcecode.swift; path = PacketLengths.swift; sourceTree = "<group>"; };
		46175B79202D466A009311D6 /* Timing.swift */ = {isa = PBXFileReference; lastKnownFileType = sourcecode.swift; path = Timing.swift; sourceTree = "<group>"; };
		46175B7B202D46AF009311D6 /* Sequences.swift */ = {isa = PBXFileReference; lastKnownFileType = sourcecode.swift; path = Sequences.swift; sourceTree = "<group>"; };
		462271F62049021A00F21D08 /* DataHelper.swift */ = {isa = PBXFileReference; lastKnownFileType = sourcecode.swift; path = DataHelper.swift; sourceTree = "<group>"; };
		4651A14D20083BF700037D31 /* AdversaryLabSwift.app */ = {isa = PBXFileReference; explicitFileType = wrapper.application; includeInIndex = 0; path = AdversaryLabSwift.app; sourceTree = BUILT_PRODUCTS_DIR; };
		4651A15020083BF700037D31 /* AppDelegate.swift */ = {isa = PBXFileReference; lastKnownFileType = sourcecode.swift; path = AppDelegate.swift; sourceTree = "<group>"; };
		4651A15220083BF700037D31 /* ViewController.swift */ = {isa = PBXFileReference; lastKnownFileType = sourcecode.swift; path = ViewController.swift; sourceTree = "<group>"; };
		4651A15420083BF700037D31 /* Assets.xcassets */ = {isa = PBXFileReference; lastKnownFileType = folder.assetcatalog; path = Assets.xcassets; sourceTree = "<group>"; };
		4651A15720083BF700037D31 /* Base */ = {isa = PBXFileReference; lastKnownFileType = file.storyboard; name = Base; path = Base.lproj/Main.storyboard; sourceTree = "<group>"; };
		4651A15920083BF700037D31 /* Info.plist */ = {isa = PBXFileReference; lastKnownFileType = text.plist.xml; path = Info.plist; sourceTree = "<group>"; };
		4651A15A20083BF700037D31 /* AdversaryLabSwift.entitlements */ = {isa = PBXFileReference; lastKnownFileType = text.plist.entitlements; path = AdversaryLabSwift.entitlements; sourceTree = "<group>"; };
		4651A15F20083BF700037D31 /* AdversaryLabSwiftTests.xctest */ = {isa = PBXFileReference; explicitFileType = wrapper.cfbundle; includeInIndex = 0; path = AdversaryLabSwiftTests.xctest; sourceTree = BUILT_PRODUCTS_DIR; };
		4651A16A20083BF700037D31 /* AdversaryLabSwiftUITests.xctest */ = {isa = PBXFileReference; explicitFileType = wrapper.cfbundle; includeInIndex = 0; path = AdversaryLabSwiftUITests.xctest; sourceTree = BUILT_PRODUCTS_DIR; };
		4651A16E20083BF700037D31 /* AdversaryLabSwiftUITests.swift */ = {isa = PBXFileReference; lastKnownFileType = sourcecode.swift; path = AdversaryLabSwiftUITests.swift; sourceTree = "<group>"; };
		4651A17020083BF700037D31 /* Info.plist */ = {isa = PBXFileReference; lastKnownFileType = text.plist.xml; path = Info.plist; sourceTree = "<group>"; };
		4651A1A72009403800037D31 /* AdversaryLabSwiftTests.swift */ = {isa = PBXFileReference; fileEncoding = 4; lastKnownFileType = sourcecode.swift; path = AdversaryLabSwiftTests.swift; sourceTree = "<group>"; };
		467E49392017F166008B19E3 /* Constants.swift */ = {isa = PBXFileReference; lastKnownFileType = sourcecode.swift; path = Constants.swift; sourceTree = "<group>"; };
		468B26232023B609000A2B5D /* Info.plist */ = {isa = PBXFileReference; lastKnownFileType = text.plist.xml; path = Info.plist; sourceTree = "<group>"; };
		468B26512023D016000A2B5D /* ObservedConnections.swift */ = {isa = PBXFileReference; lastKnownFileType = sourcecode.swift; path = ObservedConnections.swift; sourceTree = "<group>"; };
		468EF6B5207FEDA40007D0DF /* subsequences.so */ = {isa = PBXFileReference; lastKnownFileType = "compiled.mach-o.bundle"; path = subsequences.so; sourceTree = "<group>"; };
		CA727CD32050A3580051A01B /* README.md */ = {isa = PBXFileReference; fileEncoding = 4; lastKnownFileType = net.daringfireball.markdown; path = README.md; sourceTree = "<group>"; };
		CAA6C97A20642A2D00EE8DF1 /* KnownProtocols.swift */ = {isa = PBXFileReference; fileEncoding = 4; lastKnownFileType = sourcecode.swift; path = KnownProtocols.swift; sourceTree = "<group>"; };
		CAA6C97B20642A2D00EE8DF1 /* TLS12.swift */ = {isa = PBXFileReference; fileEncoding = 4; lastKnownFileType = sourcecode.swift; path = TLS12.swift; sourceTree = "<group>"; };
/* End PBXFileReference section */

/* Begin PBXFrameworksBuildPhase section */
		4651A14A20083BF700037D31 /* Frameworks */ = {
			isa = PBXFrameworksBuildPhase;
			buildActionMask = 2147483647;
			files = (
				468B26482023C092000A2B5D /* RedShot.framework in Frameworks */,
				468B264C2023C099000A2B5D /* Datable.framework in Frameworks */,
				468B26412023BBB6000A2B5D /* Auburn.framework in Frameworks */,
			);
			runOnlyForDeploymentPostprocessing = 0;
		};
		4651A15C20083BF700037D31 /* Frameworks */ = {
			isa = PBXFrameworksBuildPhase;
			buildActionMask = 2147483647;
			files = (
			);
			runOnlyForDeploymentPostprocessing = 0;
		};
		4651A16720083BF700037D31 /* Frameworks */ = {
			isa = PBXFrameworksBuildPhase;
			buildActionMask = 2147483647;
			files = (
			);
			runOnlyForDeploymentPostprocessing = 0;
		};
/* End PBXFrameworksBuildPhase section */

/* Begin PBXGroup section */
		4612DCDB203B5C9D007F798E /* Features */ = {
			isa = PBXGroup;
			children = (
				46175B77202D4545009311D6 /* PacketLengths.swift */,
				46175B79202D466A009311D6 /* Timing.swift */,
				46175B6B202CE3DB009311D6 /* Entropy.swift */,
				46175B7B202D46AF009311D6 /* Sequences.swift */,
				CAA6C97920642A2D00EE8DF1 /* Protocols */,
			);
			path = Features;
			sourceTree = "<group>";
		};
		46175B6020253F33009311D6 /* Controllers */ = {
			isa = PBXGroup;
			children = (
				46175B6820253F86009311D6 /* FakeConnectionGenerator.swift */,
				46175B74202D2CDE009311D6 /* ConnectionInspector.swift */,
				460CF7DC2076AFDA00FB3723 /* RedisServerController.swift */,
			);
			path = Controllers;
			sourceTree = "<group>";
		};
		46175B76202D2DBE009311D6 /* Helpers */ = {
			isa = PBXGroup;
			children = (
				467E49392017F166008B19E3 /* Constants.swift */,
				462271F62049021A00F21D08 /* DataHelper.swift */,
			);
			path = Helpers;
			sourceTree = "<group>";
		};
		4651A14420083BF700037D31 = {
			isa = PBXGroup;
			children = (
				460CF7E72076C76D00FB3723 /* ShutdownRedisServerScript.sh */,
				460CF7E52076C3D800FB3723 /* LaunchRedisServerScript.sh */,
				460CF7E92076EB0800FB3723 /* redis.conf */,
				468EF6B5207FEDA40007D0DF /* subsequences.so */,
				460CF7D220758D2C00FB3723 /* redis-server */,
				460CF7EB2076F75A00FB3723 /* redis-cli */,
				CA727CD32050A3580051A01B /* README.md */,
				4651A1A62009401F00037D31 /* AdversaryLabSwiftTests */,
				4651A14F20083BF700037D31 /* AdversaryLabSwift */,
				4651A16D20083BF700037D31 /* AdversaryLabSwiftUITests */,
				4651A14E20083BF700037D31 /* Products */,
				468B26402023BBB6000A2B5D /* Frameworks */,
			);
			sourceTree = "<group>";
		};
		4651A14E20083BF700037D31 /* Products */ = {
			isa = PBXGroup;
			children = (
				4651A14D20083BF700037D31 /* AdversaryLabSwift.app */,
				4651A15F20083BF700037D31 /* AdversaryLabSwiftTests.xctest */,
				4651A16A20083BF700037D31 /* AdversaryLabSwiftUITests.xctest */,
			);
			name = Products;
			sourceTree = "<group>";
		};
		4651A14F20083BF700037D31 /* AdversaryLabSwift */ = {
			isa = PBXGroup;
			children = (
				4612DCDB203B5C9D007F798E /* Features */,
				46175B76202D2DBE009311D6 /* Helpers */,
				46175B6020253F33009311D6 /* Controllers */,
				468B26502023CFF8000A2B5D /* Models */,
				46037C7A200FDB5100FC368F /* AdversaryLabSwiftPackage.xcodeproj */,
				4651A15020083BF700037D31 /* AppDelegate.swift */,
				4651A15220083BF700037D31 /* ViewController.swift */,
				4651A15420083BF700037D31 /* Assets.xcassets */,
				4651A15620083BF700037D31 /* Main.storyboard */,
				4651A15920083BF700037D31 /* Info.plist */,
				4651A15A20083BF700037D31 /* AdversaryLabSwift.entitlements */,
			);
			path = AdversaryLabSwift;
			sourceTree = "<group>";
		};
		4651A16D20083BF700037D31 /* AdversaryLabSwiftUITests */ = {
			isa = PBXGroup;
			children = (
				4651A16E20083BF700037D31 /* AdversaryLabSwiftUITests.swift */,
				4651A17020083BF700037D31 /* Info.plist */,
			);
			path = AdversaryLabSwiftUITests;
			sourceTree = "<group>";
		};
		4651A1A62009401F00037D31 /* AdversaryLabSwiftTests */ = {
			isa = PBXGroup;
			children = (
				4651A1A72009403800037D31 /* AdversaryLabSwiftTests.swift */,
				468B26232023B609000A2B5D /* Info.plist */,
			);
			path = AdversaryLabSwiftTests;
			sourceTree = "<group>";
		};
		468B26402023BBB6000A2B5D /* Frameworks */ = {
			isa = PBXGroup;
			children = (
			);
			name = Frameworks;
			sourceTree = "<group>";
		};
		468B26502023CFF8000A2B5D /* Models */ = {
			isa = PBXGroup;
			children = (
				468B26512023D016000A2B5D /* ObservedConnections.swift */,
			);
			path = Models;
			sourceTree = "<group>";
		};
		46D8511A201FE4B50052DF49 /* Products */ = {
			isa = PBXGroup;
			children = (
				46D85129201FE4B50052DF49 /* AdversaryLabSwiftPackage */,
				46D85127201FE4B50052DF49 /* AdversaryLabSwiftPackageTests.xctest */,
				46D8512B201FE4B50052DF49 /* Auburn.framework */,
				46D8512F201FE4B50052DF49 /* Datable.framework */,
				46D8512D201FE4B50052DF49 /* RedShot.framework */,
			);
			name = Products;
			sourceTree = "<group>";
		};
		CAA6C97920642A2D00EE8DF1 /* Protocols */ = {
			isa = PBXGroup;
			children = (
				CAA6C97A20642A2D00EE8DF1 /* KnownProtocols.swift */,
				CAA6C97B20642A2D00EE8DF1 /* TLS12.swift */,
			);
			path = Protocols;
			sourceTree = "<group>";
		};
/* End PBXGroup section */

/* Begin PBXNativeTarget section */
		4651A14C20083BF700037D31 /* AdversaryLabSwift */ = {
			isa = PBXNativeTarget;
			buildConfigurationList = 4651A17320083BF800037D31 /* Build configuration list for PBXNativeTarget "AdversaryLabSwift" */;
			buildPhases = (
				4651A14920083BF700037D31 /* Sources */,
				4651A14A20083BF700037D31 /* Frameworks */,
				4651A14B20083BF700037D31 /* Resources */,
				4651A19F20093CBA00037D31 /* Embed Frameworks */,
			);
			buildRules = (
			);
			dependencies = (
				468B26472023C082000A2B5D /* PBXTargetDependency */,
				468B264B2023C092000A2B5D /* PBXTargetDependency */,
				468B264F2023C099000A2B5D /* PBXTargetDependency */,
			);
			name = AdversaryLabSwift;
			productName = AdversaryLabSwift;
			productReference = 4651A14D20083BF700037D31 /* AdversaryLabSwift.app */;
			productType = "com.apple.product-type.application";
		};
		4651A15E20083BF700037D31 /* AdversaryLabSwiftTests */ = {
			isa = PBXNativeTarget;
			buildConfigurationList = 4651A17620083BF800037D31 /* Build configuration list for PBXNativeTarget "AdversaryLabSwiftTests" */;
			buildPhases = (
				4651A15B20083BF700037D31 /* Sources */,
				4651A15C20083BF700037D31 /* Frameworks */,
				4651A15D20083BF700037D31 /* Resources */,
			);
			buildRules = (
			);
			dependencies = (
				4651A16120083BF700037D31 /* PBXTargetDependency */,
			);
			name = AdversaryLabSwiftTests;
			productName = AdversaryLabSwiftTests;
			productReference = 4651A15F20083BF700037D31 /* AdversaryLabSwiftTests.xctest */;
			productType = "com.apple.product-type.bundle.unit-test";
		};
		4651A16920083BF700037D31 /* AdversaryLabSwiftUITests */ = {
			isa = PBXNativeTarget;
			buildConfigurationList = 4651A17920083BF800037D31 /* Build configuration list for PBXNativeTarget "AdversaryLabSwiftUITests" */;
			buildPhases = (
				4651A16620083BF700037D31 /* Sources */,
				4651A16720083BF700037D31 /* Frameworks */,
				4651A16820083BF700037D31 /* Resources */,
			);
			buildRules = (
			);
			dependencies = (
				4651A16C20083BF700037D31 /* PBXTargetDependency */,
			);
			name = AdversaryLabSwiftUITests;
			productName = AdversaryLabSwiftUITests;
			productReference = 4651A16A20083BF700037D31 /* AdversaryLabSwiftUITests.xctest */;
			productType = "com.apple.product-type.bundle.ui-testing";
		};
/* End PBXNativeTarget section */

/* Begin PBXProject section */
		4651A14520083BF700037D31 /* Project object */ = {
			isa = PBXProject;
			attributes = {
				LastSwiftUpdateCheck = 0920;
				LastUpgradeCheck = 0930;
				ORGANIZATIONNAME = "Operator Foundation";
				TargetAttributes = {
					4651A14C20083BF700037D31 = {
						CreatedOnToolsVersion = 9.2;
						ProvisioningStyle = Automatic;
					};
					4651A15E20083BF700037D31 = {
						CreatedOnToolsVersion = 9.2;
						ProvisioningStyle = Automatic;
						TestTargetID = 4651A14C20083BF700037D31;
					};
					4651A16920083BF700037D31 = {
						CreatedOnToolsVersion = 9.2;
						ProvisioningStyle = Automatic;
						TestTargetID = 4651A14C20083BF700037D31;
					};
				};
			};
			buildConfigurationList = 4651A14820083BF700037D31 /* Build configuration list for PBXProject "AdversaryLabSwift" */;
			compatibilityVersion = "Xcode 8.0";
			developmentRegion = en;
			hasScannedForEncodings = 0;
			knownRegions = (
				en,
				Base,
			);
			mainGroup = 4651A14420083BF700037D31;
			productRefGroup = 4651A14E20083BF700037D31 /* Products */;
			projectDirPath = "";
			projectReferences = (
				{
					ProductGroup = 46D8511A201FE4B50052DF49 /* Products */;
					ProjectRef = 46037C7A200FDB5100FC368F /* AdversaryLabSwiftPackage.xcodeproj */;
				},
			);
			projectRoot = "";
			targets = (
				4651A14C20083BF700037D31 /* AdversaryLabSwift */,
				4651A15E20083BF700037D31 /* AdversaryLabSwiftTests */,
				4651A16920083BF700037D31 /* AdversaryLabSwiftUITests */,
			);
		};
/* End PBXProject section */

/* Begin PBXReferenceProxy section */
		46D85127201FE4B50052DF49 /* AdversaryLabSwiftPackageTests.xctest */ = {
			isa = PBXReferenceProxy;
			fileType = file;
			path = AdversaryLabSwiftPackageTests.xctest;
			remoteRef = 46D85126201FE4B50052DF49 /* PBXContainerItemProxy */;
			sourceTree = BUILT_PRODUCTS_DIR;
		};
		46D85129201FE4B50052DF49 /* AdversaryLabSwiftPackage */ = {
			isa = PBXReferenceProxy;
			fileType = text;
			path = AdversaryLabSwiftPackage;
			remoteRef = 46D85128201FE4B50052DF49 /* PBXContainerItemProxy */;
			sourceTree = BUILT_PRODUCTS_DIR;
		};
		46D8512B201FE4B50052DF49 /* Auburn.framework */ = {
			isa = PBXReferenceProxy;
			fileType = wrapper.framework;
			path = Auburn.framework;
			remoteRef = 46D8512A201FE4B50052DF49 /* PBXContainerItemProxy */;
			sourceTree = BUILT_PRODUCTS_DIR;
		};
		46D8512D201FE4B50052DF49 /* RedShot.framework */ = {
			isa = PBXReferenceProxy;
			fileType = wrapper.framework;
			path = RedShot.framework;
			remoteRef = 46D8512C201FE4B50052DF49 /* PBXContainerItemProxy */;
			sourceTree = BUILT_PRODUCTS_DIR;
		};
		46D8512F201FE4B50052DF49 /* Datable.framework */ = {
			isa = PBXReferenceProxy;
			fileType = wrapper.framework;
			path = Datable.framework;
			remoteRef = 46D8512E201FE4B50052DF49 /* PBXContainerItemProxy */;
			sourceTree = BUILT_PRODUCTS_DIR;
		};
/* End PBXReferenceProxy section */

/* Begin PBXResourcesBuildPhase section */
		4651A14B20083BF700037D31 /* Resources */ = {
			isa = PBXResourcesBuildPhase;
			buildActionMask = 2147483647;
			files = (
				CA727CD42050A3580051A01B /* README.md in Resources */,
				4651A15520083BF700037D31 /* Assets.xcassets in Resources */,
				460CF7E62076C3D800FB3723 /* LaunchRedisServerScript.sh in Resources */,
				4651A15820083BF700037D31 /* Main.storyboard in Resources */,
				460CF7E82076C76D00FB3723 /* ShutdownRedisServerScript.sh in Resources */,
				468EF6B6207FEDA40007D0DF /* subsequences.so in Resources */,
				460CF7EC2076F75A00FB3723 /* redis-cli in Resources */,
				460CF7DA20758D2C00FB3723 /* redis-server in Resources */,
				460CF7EA2076EB0800FB3723 /* redis.conf in Resources */,
			);
			runOnlyForDeploymentPostprocessing = 0;
		};
		4651A15D20083BF700037D31 /* Resources */ = {
			isa = PBXResourcesBuildPhase;
			buildActionMask = 2147483647;
			files = (
			);
			runOnlyForDeploymentPostprocessing = 0;
		};
		4651A16820083BF700037D31 /* Resources */ = {
			isa = PBXResourcesBuildPhase;
			buildActionMask = 2147483647;
			files = (
			);
			runOnlyForDeploymentPostprocessing = 0;
		};
/* End PBXResourcesBuildPhase section */

/* Begin PBXSourcesBuildPhase section */
		4651A14920083BF700037D31 /* Sources */ = {
			isa = PBXSourcesBuildPhase;
			buildActionMask = 2147483647;
			files = (
				4651A15320083BF700037D31 /* ViewController.swift in Sources */,
				46175B75202D2CDE009311D6 /* ConnectionInspector.swift in Sources */,
				46175B6C202CE3DB009311D6 /* Entropy.swift in Sources */,
				46175B78202D4545009311D6 /* PacketLengths.swift in Sources */,
				460CF7DD2076AFDA00FB3723 /* RedisServerController.swift in Sources */,
				46175B7A202D466A009311D6 /* Timing.swift in Sources */,
				CAA6C98320642A2D00EE8DF1 /* KnownProtocols.swift in Sources */,
				46175B6920253F86009311D6 /* FakeConnectionGenerator.swift in Sources */,
				468B26522023D016000A2B5D /* ObservedConnections.swift in Sources */,
				462271F72049021A00F21D08 /* DataHelper.swift in Sources */,
				4651A15120083BF700037D31 /* AppDelegate.swift in Sources */,
				CAA6C98420642A2D00EE8DF1 /* TLS12.swift in Sources */,
				46175B7C202D46AF009311D6 /* Sequences.swift in Sources */,
				467E493A2017F166008B19E3 /* Constants.swift in Sources */,
			);
			runOnlyForDeploymentPostprocessing = 0;
		};
		4651A15B20083BF700037D31 /* Sources */ = {
			isa = PBXSourcesBuildPhase;
			buildActionMask = 2147483647;
			files = (
				4651A1A82009403800037D31 /* AdversaryLabSwiftTests.swift in Sources */,
			);
			runOnlyForDeploymentPostprocessing = 0;
		};
		4651A16620083BF700037D31 /* Sources */ = {
			isa = PBXSourcesBuildPhase;
			buildActionMask = 2147483647;
			files = (
				4651A16F20083BF700037D31 /* AdversaryLabSwiftUITests.swift in Sources */,
			);
			runOnlyForDeploymentPostprocessing = 0;
		};
/* End PBXSourcesBuildPhase section */

/* Begin PBXTargetDependency section */
		4651A16120083BF700037D31 /* PBXTargetDependency */ = {
			isa = PBXTargetDependency;
			target = 4651A14C20083BF700037D31 /* AdversaryLabSwift */;
			targetProxy = 4651A16020083BF700037D31 /* PBXContainerItemProxy */;
		};
		4651A16C20083BF700037D31 /* PBXTargetDependency */ = {
			isa = PBXTargetDependency;
			target = 4651A14C20083BF700037D31 /* AdversaryLabSwift */;
			targetProxy = 4651A16B20083BF700037D31 /* PBXContainerItemProxy */;
		};
		468B26472023C082000A2B5D /* PBXTargetDependency */ = {
			isa = PBXTargetDependency;
			name = Auburn;
			targetProxy = 468B26462023C082000A2B5D /* PBXContainerItemProxy */;
		};
		468B264B2023C092000A2B5D /* PBXTargetDependency */ = {
			isa = PBXTargetDependency;
			name = RedShot;
			targetProxy = 468B264A2023C092000A2B5D /* PBXContainerItemProxy */;
		};
		468B264F2023C099000A2B5D /* PBXTargetDependency */ = {
			isa = PBXTargetDependency;
			name = Datable;
			targetProxy = 468B264E2023C099000A2B5D /* PBXContainerItemProxy */;
		};
/* End PBXTargetDependency section */

/* Begin PBXVariantGroup section */
		4651A15620083BF700037D31 /* Main.storyboard */ = {
			isa = PBXVariantGroup;
			children = (
				4651A15720083BF700037D31 /* Base */,
			);
			name = Main.storyboard;
			sourceTree = "<group>";
		};
/* End PBXVariantGroup section */

/* Begin XCBuildConfiguration section */
		4651A17120083BF800037D31 /* Debug */ = {
			isa = XCBuildConfiguration;
			buildSettings = {
				ALWAYS_SEARCH_USER_PATHS = NO;
				CLANG_ANALYZER_NONNULL = YES;
				CLANG_ANALYZER_NUMBER_OBJECT_CONVERSION = YES_AGGRESSIVE;
				CLANG_CXX_LANGUAGE_STANDARD = "gnu++14";
				CLANG_CXX_LIBRARY = "libc++";
				CLANG_ENABLE_MODULES = YES;
				CLANG_ENABLE_OBJC_ARC = YES;
				CLANG_WARN_BLOCK_CAPTURE_AUTORELEASING = YES;
				CLANG_WARN_BOOL_CONVERSION = YES;
				CLANG_WARN_COMMA = YES;
				CLANG_WARN_CONSTANT_CONVERSION = YES;
				CLANG_WARN_DEPRECATED_OBJC_IMPLEMENTATIONS = YES;
				CLANG_WARN_DIRECT_OBJC_ISA_USAGE = YES_ERROR;
				CLANG_WARN_DOCUMENTATION_COMMENTS = YES;
				CLANG_WARN_EMPTY_BODY = YES;
				CLANG_WARN_ENUM_CONVERSION = YES;
				CLANG_WARN_INFINITE_RECURSION = YES;
				CLANG_WARN_INT_CONVERSION = YES;
				CLANG_WARN_NON_LITERAL_NULL_CONVERSION = YES;
				CLANG_WARN_OBJC_IMPLICIT_RETAIN_SELF = YES;
				CLANG_WARN_OBJC_LITERAL_CONVERSION = YES;
				CLANG_WARN_OBJC_ROOT_CLASS = YES_ERROR;
				CLANG_WARN_RANGE_LOOP_ANALYSIS = YES;
				CLANG_WARN_STRICT_PROTOTYPES = YES;
				CLANG_WARN_SUSPICIOUS_MOVE = YES;
				CLANG_WARN_UNGUARDED_AVAILABILITY = YES_AGGRESSIVE;
				CLANG_WARN_UNREACHABLE_CODE = YES;
				CLANG_WARN__DUPLICATE_METHOD_MATCH = YES;
				CODE_SIGN_IDENTITY = "-";
				COPY_PHASE_STRIP = NO;
				DEBUG_INFORMATION_FORMAT = dwarf;
				ENABLE_STRICT_OBJC_MSGSEND = YES;
				ENABLE_TESTABILITY = YES;
				GCC_C_LANGUAGE_STANDARD = gnu11;
				GCC_DYNAMIC_NO_PIC = NO;
				GCC_NO_COMMON_BLOCKS = YES;
				GCC_OPTIMIZATION_LEVEL = 0;
				GCC_PREPROCESSOR_DEFINITIONS = (
					"DEBUG=1",
					"$(inherited)",
				);
				GCC_WARN_64_TO_32_BIT_CONVERSION = YES;
				GCC_WARN_ABOUT_RETURN_TYPE = YES_ERROR;
				GCC_WARN_UNDECLARED_SELECTOR = YES;
				GCC_WARN_UNINITIALIZED_AUTOS = YES_AGGRESSIVE;
				GCC_WARN_UNUSED_FUNCTION = YES;
				GCC_WARN_UNUSED_VARIABLE = YES;
				MACOSX_DEPLOYMENT_TARGET = 10.13;
				MTL_ENABLE_DEBUG_INFO = YES;
				ONLY_ACTIVE_ARCH = YES;
				SDKROOT = macosx;
				SWIFT_ACTIVE_COMPILATION_CONDITIONS = DEBUG;
				SWIFT_OPTIMIZATION_LEVEL = "-Onone";
			};
			name = Debug;
		};
		4651A17220083BF800037D31 /* Release */ = {
			isa = XCBuildConfiguration;
			buildSettings = {
				ALWAYS_SEARCH_USER_PATHS = NO;
				CLANG_ANALYZER_NONNULL = YES;
				CLANG_ANALYZER_NUMBER_OBJECT_CONVERSION = YES_AGGRESSIVE;
				CLANG_CXX_LANGUAGE_STANDARD = "gnu++14";
				CLANG_CXX_LIBRARY = "libc++";
				CLANG_ENABLE_MODULES = YES;
				CLANG_ENABLE_OBJC_ARC = YES;
				CLANG_WARN_BLOCK_CAPTURE_AUTORELEASING = YES;
				CLANG_WARN_BOOL_CONVERSION = YES;
				CLANG_WARN_COMMA = YES;
				CLANG_WARN_CONSTANT_CONVERSION = YES;
				CLANG_WARN_DEPRECATED_OBJC_IMPLEMENTATIONS = YES;
				CLANG_WARN_DIRECT_OBJC_ISA_USAGE = YES_ERROR;
				CLANG_WARN_DOCUMENTATION_COMMENTS = YES;
				CLANG_WARN_EMPTY_BODY = YES;
				CLANG_WARN_ENUM_CONVERSION = YES;
				CLANG_WARN_INFINITE_RECURSION = YES;
				CLANG_WARN_INT_CONVERSION = YES;
				CLANG_WARN_NON_LITERAL_NULL_CONVERSION = YES;
				CLANG_WARN_OBJC_IMPLICIT_RETAIN_SELF = YES;
				CLANG_WARN_OBJC_LITERAL_CONVERSION = YES;
				CLANG_WARN_OBJC_ROOT_CLASS = YES_ERROR;
				CLANG_WARN_RANGE_LOOP_ANALYSIS = YES;
				CLANG_WARN_STRICT_PROTOTYPES = YES;
				CLANG_WARN_SUSPICIOUS_MOVE = YES;
				CLANG_WARN_UNGUARDED_AVAILABILITY = YES_AGGRESSIVE;
				CLANG_WARN_UNREACHABLE_CODE = YES;
				CLANG_WARN__DUPLICATE_METHOD_MATCH = YES;
				CODE_SIGN_IDENTITY = "-";
				COPY_PHASE_STRIP = NO;
				DEBUG_INFORMATION_FORMAT = "dwarf-with-dsym";
				ENABLE_NS_ASSERTIONS = NO;
				ENABLE_STRICT_OBJC_MSGSEND = YES;
				GCC_C_LANGUAGE_STANDARD = gnu11;
				GCC_NO_COMMON_BLOCKS = YES;
				GCC_WARN_64_TO_32_BIT_CONVERSION = YES;
				GCC_WARN_ABOUT_RETURN_TYPE = YES_ERROR;
				GCC_WARN_UNDECLARED_SELECTOR = YES;
				GCC_WARN_UNINITIALIZED_AUTOS = YES_AGGRESSIVE;
				GCC_WARN_UNUSED_FUNCTION = YES;
				GCC_WARN_UNUSED_VARIABLE = YES;
				MACOSX_DEPLOYMENT_TARGET = 10.13;
				MTL_ENABLE_DEBUG_INFO = NO;
				SDKROOT = macosx;
				SWIFT_OPTIMIZATION_LEVEL = "-Owholemodule";
			};
			name = Release;
		};
		4651A17420083BF800037D31 /* Debug */ = {
			isa = XCBuildConfiguration;
			buildSettings = {
				ALWAYS_EMBED_SWIFT_STANDARD_LIBRARIES = YES;
				ASSETCATALOG_COMPILER_APPICON_NAME = AppIcon;
				CODE_SIGN_IDENTITY = "Mac Developer";
				CODE_SIGN_STYLE = Automatic;
				COMBINE_HIDPI_IMAGES = YES;
				DEVELOPMENT_TEAM = 67Y4NSLDQ3;
				INFOPLIST_FILE = AdversaryLabSwift/Info.plist;
				LD_RUNPATH_SEARCH_PATHS = "$(inherited) @executable_path/../Frameworks @executable_path/Frameworks";
				PRODUCT_BUNDLE_IDENTIFIER = org.operatorFoundation.AdversaryLabSwift;
				PRODUCT_NAME = "$(TARGET_NAME)";
				PROVISIONING_PROFILE_SPECIFIER = "";
				SWIFT_VERSION = 4.0;
			};
			name = Debug;
		};
		4651A17520083BF800037D31 /* Release */ = {
			isa = XCBuildConfiguration;
			buildSettings = {
				ALWAYS_EMBED_SWIFT_STANDARD_LIBRARIES = YES;
				ASSETCATALOG_COMPILER_APPICON_NAME = AppIcon;
				CODE_SIGN_IDENTITY = "Mac Developer";
				CODE_SIGN_STYLE = Automatic;
				COMBINE_HIDPI_IMAGES = YES;
				DEVELOPMENT_TEAM = 67Y4NSLDQ3;
				INFOPLIST_FILE = AdversaryLabSwift/Info.plist;
				LD_RUNPATH_SEARCH_PATHS = "$(inherited) @executable_path/../Frameworks @executable_path/Frameworks";
				PRODUCT_BUNDLE_IDENTIFIER = org.operatorFoundation.AdversaryLabSwift;
				PRODUCT_NAME = "$(TARGET_NAME)";
				PROVISIONING_PROFILE_SPECIFIER = "";
				SWIFT_VERSION = 4.0;
			};
			name = Release;
		};
		4651A17720083BF800037D31 /* Debug */ = {
			isa = XCBuildConfiguration;
			buildSettings = {
				ALWAYS_EMBED_SWIFT_STANDARD_LIBRARIES = YES;
				BUNDLE_LOADER = "$(TEST_HOST)";
				CODE_SIGN_IDENTITY = "Mac Developer";
				CODE_SIGN_STYLE = Automatic;
				COMBINE_HIDPI_IMAGES = YES;
				DEVELOPMENT_TEAM = 67Y4NSLDQ3;
				INFOPLIST_FILE = AdversaryLabSwiftTests/Info.plist;
				LD_RUNPATH_SEARCH_PATHS = "$(inherited) @executable_path/../Frameworks @loader_path/../Frameworks";
				PRODUCT_BUNDLE_IDENTIFIER = org.operatorFoundation.AdversaryLabSwiftTests;
				PRODUCT_NAME = "$(TARGET_NAME)";
				PROVISIONING_PROFILE_SPECIFIER = "";
				SWIFT_VERSION = 4.0;
				TEST_HOST = "$(BUILT_PRODUCTS_DIR)/AdversaryLabSwift.app/Contents/MacOS/AdversaryLabSwift";
			};
			name = Debug;
		};
		4651A17820083BF800037D31 /* Release */ = {
			isa = XCBuildConfiguration;
			buildSettings = {
				ALWAYS_EMBED_SWIFT_STANDARD_LIBRARIES = YES;
				BUNDLE_LOADER = "$(TEST_HOST)";
				CODE_SIGN_IDENTITY = "Mac Developer";
				CODE_SIGN_STYLE = Automatic;
				COMBINE_HIDPI_IMAGES = YES;
				DEVELOPMENT_TEAM = 67Y4NSLDQ3;
				INFOPLIST_FILE = AdversaryLabSwiftTests/Info.plist;
				LD_RUNPATH_SEARCH_PATHS = "$(inherited) @executable_path/../Frameworks @loader_path/../Frameworks";
				PRODUCT_BUNDLE_IDENTIFIER = org.operatorFoundation.AdversaryLabSwiftTests;
				PRODUCT_NAME = "$(TARGET_NAME)";
				PROVISIONING_PROFILE_SPECIFIER = "";
				SWIFT_VERSION = 4.0;
				TEST_HOST = "$(BUILT_PRODUCTS_DIR)/AdversaryLabSwift.app/Contents/MacOS/AdversaryLabSwift";
			};
			name = Release;
		};
		4651A17A20083BF800037D31 /* Debug */ = {
			isa = XCBuildConfiguration;
			buildSettings = {
				ALWAYS_EMBED_SWIFT_STANDARD_LIBRARIES = YES;
				CODE_SIGN_STYLE = Automatic;
				COMBINE_HIDPI_IMAGES = YES;
				DEVELOPMENT_TEAM = 67Y4NSLDQ3;
				INFOPLIST_FILE = AdversaryLabSwiftUITests/Info.plist;
				LD_RUNPATH_SEARCH_PATHS = "$(inherited) @executable_path/../Frameworks @loader_path/../Frameworks";
				PRODUCT_BUNDLE_IDENTIFIER = org.operatorFoundation.AdversaryLabSwiftUITests;
				PRODUCT_NAME = "$(TARGET_NAME)";
				SWIFT_VERSION = 4.0;
				TEST_TARGET_NAME = AdversaryLabSwift;
			};
			name = Debug;
		};
		4651A17B20083BF800037D31 /* Release */ = {
			isa = XCBuildConfiguration;
			buildSettings = {
				ALWAYS_EMBED_SWIFT_STANDARD_LIBRARIES = YES;
				CODE_SIGN_STYLE = Automatic;
				COMBINE_HIDPI_IMAGES = YES;
				DEVELOPMENT_TEAM = 67Y4NSLDQ3;
				INFOPLIST_FILE = AdversaryLabSwiftUITests/Info.plist;
				LD_RUNPATH_SEARCH_PATHS = "$(inherited) @executable_path/../Frameworks @loader_path/../Frameworks";
				PRODUCT_BUNDLE_IDENTIFIER = org.operatorFoundation.AdversaryLabSwiftUITests;
				PRODUCT_NAME = "$(TARGET_NAME)";
				SWIFT_VERSION = 4.0;
				TEST_TARGET_NAME = AdversaryLabSwift;
			};
			name = Release;
		};
/* End XCBuildConfiguration section */

/* Begin XCConfigurationList section */
		4651A14820083BF700037D31 /* Build configuration list for PBXProject "AdversaryLabSwift" */ = {
			isa = XCConfigurationList;
			buildConfigurations = (
				4651A17120083BF800037D31 /* Debug */,
				4651A17220083BF800037D31 /* Release */,
			);
			defaultConfigurationIsVisible = 0;
			defaultConfigurationName = Release;
		};
		4651A17320083BF800037D31 /* Build configuration list for PBXNativeTarget "AdversaryLabSwift" */ = {
			isa = XCConfigurationList;
			buildConfigurations = (
				4651A17420083BF800037D31 /* Debug */,
				4651A17520083BF800037D31 /* Release */,
			);
			defaultConfigurationIsVisible = 0;
			defaultConfigurationName = Release;
		};
		4651A17620083BF800037D31 /* Build configuration list for PBXNativeTarget "AdversaryLabSwiftTests" */ = {
			isa = XCConfigurationList;
			buildConfigurations = (
				4651A17720083BF800037D31 /* Debug */,
				4651A17820083BF800037D31 /* Release */,
			);
			defaultConfigurationIsVisible = 0;
			defaultConfigurationName = Release;
		};
		4651A17920083BF800037D31 /* Build configuration list for PBXNativeTarget "AdversaryLabSwiftUITests" */ = {
			isa = XCConfigurationList;
			buildConfigurations = (
				4651A17A20083BF800037D31 /* Debug */,
				4651A17B20083BF800037D31 /* Release */,
			);
			defaultConfigurationIsVisible = 0;
			defaultConfigurationName = Release;
		};
/* End XCConfigurationList section */
	};
	rootObject = 4651A14520083BF700037D31 /* Project object */;
}
