// !$*UTF8*$!
{
	archiveVersion = 1;
	classes = {
	};
	objectVersion = 52;
	objects = {

/* Begin PBXBuildFile section */
		460CF7DA20758D2C00FB3723 /* redis-server in Resources */ = {isa = PBXBuildFile; fileRef = 460CF7D220758D2C00FB3723 /* redis-server */; };
		460CF7DD2076AFDA00FB3723 /* RedisServerController.swift in Sources */ = {isa = PBXBuildFile; fileRef = 460CF7DC2076AFDA00FB3723 /* RedisServerController.swift */; };
		460CF7E62076C3D800FB3723 /* LaunchRedisServerScript.sh in Resources */ = {isa = PBXBuildFile; fileRef = 460CF7E52076C3D800FB3723 /* LaunchRedisServerScript.sh */; };
		460CF7E82076C76D00FB3723 /* ShutdownRedisServerScript.sh in Resources */ = {isa = PBXBuildFile; fileRef = 460CF7E72076C76D00FB3723 /* ShutdownRedisServerScript.sh */; };
		460CF7EA2076EB0800FB3723 /* redis.conf in Resources */ = {isa = PBXBuildFile; fileRef = 460CF7E92076EB0800FB3723 /* redis.conf */; };
		460CF7EC2076F75A00FB3723 /* redis-cli in Resources */ = {isa = PBXBuildFile; fileRef = 460CF7EB2076F75A00FB3723 /* redis-cli */; };
		46175B6920253F86009311D6 /* FakeConnectionGenerator.swift in Sources */ = {isa = PBXBuildFile; fileRef = 46175B6820253F86009311D6 /* FakeConnectionGenerator.swift */; };
		46175B75202D2CDE009311D6 /* ConnectionInspector.swift in Sources */ = {isa = PBXBuildFile; fileRef = 46175B74202D2CDE009311D6 /* ConnectionInspector.swift */; };
		46175B7C202D46AF009311D6 /* Sequences.swift in Sources */ = {isa = PBXBuildFile; fileRef = 46175B7B202D46AF009311D6 /* Sequences.swift */; };
		462271F72049021A00F21D08 /* DataHelper.swift in Sources */ = {isa = PBXBuildFile; fileRef = 462271F62049021A00F21D08 /* DataHelper.swift */; };
		462E73A72091421400C59B80 /* ProgressBot.swift in Sources */ = {isa = PBXBuildFile; fileRef = 462E73A62091421400C59B80 /* ProgressBot.swift */; };
		4651A15120083BF700037D31 /* AppDelegate.swift in Sources */ = {isa = PBXBuildFile; fileRef = 4651A15020083BF700037D31 /* AppDelegate.swift */; };
		4651A15320083BF700037D31 /* ViewController.swift in Sources */ = {isa = PBXBuildFile; fileRef = 4651A15220083BF700037D31 /* ViewController.swift */; };
		4651A15520083BF700037D31 /* Assets.xcassets in Resources */ = {isa = PBXBuildFile; fileRef = 4651A15420083BF700037D31 /* Assets.xcassets */; };
		4651A15820083BF700037D31 /* Main.storyboard in Resources */ = {isa = PBXBuildFile; fileRef = 4651A15620083BF700037D31 /* Main.storyboard */; };
		4651A16F20083BF700037D31 /* AdversaryLabSwiftUITests.swift in Sources */ = {isa = PBXBuildFile; fileRef = 4651A16E20083BF700037D31 /* AdversaryLabSwiftUITests.swift */; };
		4651A1A82009403800037D31 /* AdversaryLabSwiftTests.swift in Sources */ = {isa = PBXBuildFile; fileRef = 4651A1A72009403800037D31 /* AdversaryLabSwiftTests.swift */; };
		467E493A2017F166008B19E3 /* Constants.swift in Sources */ = {isa = PBXBuildFile; fileRef = 467E49392017F166008B19E3 /* Constants.swift */; };
		468B26522023D016000A2B5D /* ObservedConnections.swift in Sources */ = {isa = PBXBuildFile; fileRef = 468B26512023D016000A2B5D /* ObservedConnections.swift */; };
		46CD660B2093B100009E1141 /* AdversaryLabClient in Resources */ = {isa = PBXBuildFile; fileRef = 46CD66032093B100009E1141 /* AdversaryLabClient */; };
		5343B39F208FB1F100AD5D72 /* ProcessingConfigurationModel.swift in Sources */ = {isa = PBXBuildFile; fileRef = 5343B39E208FB1F100AD5D72 /* ProcessingConfigurationModel.swift */; };
		5343B3A8208FC4AC00AD5D72 /* PauseBot.swift in Sources */ = {isa = PBXBuildFile; fileRef = 5343B3A7208FC4AC00AD5D72 /* PauseBot.swift */; };
		53C9A3262097BB7A00F813FF /* subsequences.so in Resources */ = {isa = PBXBuildFile; fileRef = 53C9A3252097BB7A00F813FF /* subsequences.so */; };
		AE0BC8AE226F87A400AD89E7 /* ServiceManagement.framework in Frameworks */ = {isa = PBXBuildFile; fileRef = AE0BC8AD226F87A400AD89E7 /* ServiceManagement.framework */; };
		AE0BC8D5226FAC6500AD89E7 /* CheckRedisServerPortScript.sh in Resources */ = {isa = PBXBuildFile; fileRef = AE0BC8CD226FAC6500AD89E7 /* CheckRedisServerPortScript.sh */; };
		AE0BC8D72273831500AD89E7 /* KillRedisServerScript.sh in Resources */ = {isa = PBXBuildFile; fileRef = AE0BC8D62273831500AD89E7 /* KillRedisServerScript.sh */; };
		AE0BC8DF2280923E00AD89E7 /* Security.framework in Frameworks */ = {isa = PBXBuildFile; fileRef = AE0BC8DE2280923E00AD89E7 /* Security.framework */; };
		AE17917624D9FFA300620B5E /* PacketLengths.swift in Sources */ = {isa = PBXBuildFile; fileRef = AE17917524D9FFA300620B5E /* PacketLengths.swift */; };
		AE17920624DCC53800620B5E /* RawPacket in Frameworks */ = {isa = PBXBuildFile; productRef = AE17920524DCC53800620B5E /* RawPacket */; };
		AE17920924DCC55F00620B5E /* ZIPFoundation in Frameworks */ = {isa = PBXBuildFile; productRef = AE17920824DCC55F00620B5E /* ZIPFoundation */; };
		AE17920C24DCC5AB00620B5E /* Symphony in Frameworks */ = {isa = PBXBuildFile; productRef = AE17920B24DCC5AB00620B5E /* Symphony */; };
		AE17920E24DCC5AB00620B5E /* Song in Frameworks */ = {isa = PBXBuildFile; productRef = AE17920D24DCC5AB00620B5E /* Song */; };
		AE17921124DCC5CE00620B5E /* Auburn in Frameworks */ = {isa = PBXBuildFile; productRef = AE17921024DCC5CE00620B5E /* Auburn */; };
		AE17921424DCC5E900620B5E /* Datable in Frameworks */ = {isa = PBXBuildFile; productRef = AE17921324DCC5E900620B5E /* Datable */; };
		AE17921724DCC61500620B5E /* Abacus in Frameworks */ = {isa = PBXBuildFile; productRef = AE17921624DCC61500620B5E /* Abacus */; };
		AE17921A24DCC67A00620B5E /* Charts in Frameworks */ = {isa = PBXBuildFile; productRef = AE17921924DCC67A00620B5E /* Charts */; };
		AE17922224E3011300620B5E /* Axis in Frameworks */ = {isa = PBXBuildFile; productRef = AE17922124E3011300620B5E /* Axis */; };
		AE1AC6FA2258020500555456 /* MLModelController.swift in Sources */ = {isa = PBXBuildFile; fileRef = AE1AC6F92258020500555456 /* MLModelController.swift */; };
		AE1D466B24EC5BF900344541 /* PacketTimings.swift in Sources */ = {isa = PBXBuildFile; fileRef = AE1D466A24EC5BF900344541 /* PacketTimings.swift */; };
		AE1D466D24EC5C6500344541 /* PacketEntropies.swift in Sources */ = {isa = PBXBuildFile; fileRef = AE1D466C24EC5C6500344541 /* PacketEntropies.swift */; };
		AE34E6CE22CBE0FA00F89F26 /* SequencesCoreML.swift in Sources */ = {isa = PBXBuildFile; fileRef = AE34E6CD22CBE0FA00F89F26 /* SequencesCoreML.swift */; };
		AE435F0D24B4DD7C007F0075 /* DataProcessing.swift in Sources */ = {isa = PBXBuildFile; fileRef = AE435F0C24B4DD7C007F0075 /* DataProcessing.swift */; };
		AE435F8324B50A9E007F0075 /* SymphonyController.swift in Sources */ = {isa = PBXBuildFile; fileRef = AE435F8224B50A9E007F0075 /* SymphonyController.swift */; };
		AE4A3703225BD58300F4B4E5 /* AllFeatures.swift in Sources */ = {isa = PBXBuildFile; fileRef = AE4A3702225BD58300F4B4E5 /* AllFeatures.swift */; };
		AE51B04B2519C4D90086668A /* libswiftCreateML.tbd in Frameworks */ = {isa = PBXBuildFile; fileRef = AE51B03B2519C2F50086668A /* libswiftCreateML.tbd */; };
		AE51B0502519CCA70086668A /* TrainingData.swift in Sources */ = {isa = PBXBuildFile; fileRef = AE51B04F2519CCA70086668A /* TrainingData.swift */; };
		AE583DCE2502BD17003ED1D0 /* TrainingResults.swift in Sources */ = {isa = PBXBuildFile; fileRef = AE583DCD2502BD17003ED1D0 /* TrainingResults.swift */; };
		AE583DD025030560003ED1D0 /* TestResults.swift in Sources */ = {isa = PBXBuildFile; fileRef = AE583DCF25030560003ED1D0 /* TestResults.swift */; };
		AE5D5E6223CD44CB00C8646B /* RethinkPacket.swift in Sources */ = {isa = PBXBuildFile; fileRef = AE5D5E6123CD44CA00C8646B /* RethinkPacket.swift */; };
		AE85902B225288F9003B21C0 /* PacketLengthsCoreML.swift in Sources */ = {isa = PBXBuildFile; fileRef = AE85902A225288F9003B21C0 /* PacketLengthsCoreML.swift */; };
		AE8590352253E178003B21C0 /* TimingCoreML.swift in Sources */ = {isa = PBXBuildFile; fileRef = AE85902D2253E178003B21C0 /* TimingCoreML.swift */; };
		AE8590372253E4DE003B21C0 /* EntropyCoreML.swift in Sources */ = {isa = PBXBuildFile; fileRef = AE8590362253E4DE003B21C0 /* EntropyCoreML.swift */; };
		AE859056225656B3003B21C0 /* TLS12CoreML.swift in Sources */ = {isa = PBXBuildFile; fileRef = AE859055225656B3003B21C0 /* TLS12CoreML.swift */; };
		AE8EA7B82527E2690071EA44 /* ChartsUIView.swift in Sources */ = {isa = PBXBuildFile; fileRef = AE8EA7B72527E2690071EA44 /* ChartsUIView.swift */; };
		AE8EA7D6252CC79F0071EA44 /* FileController.swift in Sources */ = {isa = PBXBuildFile; fileRef = AE8EA7D5252CC79F0071EA44 /* FileController.swift */; };
		AE929725226521F6005C1FBB /* Globals.swift in Sources */ = {isa = PBXBuildFile; fileRef = AE929724226521F6005C1FBB /* Globals.swift */; };
		AEC00A2423733A0800E5582B /* ConnectionGroupData.swift in Sources */ = {isa = PBXBuildFile; fileRef = AEC00A2323733A0800E5582B /* ConnectionGroupData.swift */; };
		AED8490622B8465000998CC6 /* OperatorReportController.swift in Sources */ = {isa = PBXBuildFile; fileRef = AED8490522B8465000998CC6 /* OperatorReportController.swift */; };
		AEE50AFF228FBE8C009698CC /* Alerts.swift in Sources */ = {isa = PBXBuildFile; fileRef = AEE50AFE228FBE8C009698CC /* Alerts.swift */; };
		CA727CD42050A3580051A01B /* README.md in Resources */ = {isa = PBXBuildFile; fileRef = CA727CD32050A3580051A01B /* README.md */; };
		CAA6C98320642A2D00EE8DF1 /* KnownProtocols.swift in Sources */ = {isa = PBXBuildFile; fileRef = CAA6C97A20642A2D00EE8DF1 /* KnownProtocols.swift */; };
		CAA6C98420642A2D00EE8DF1 /* TLS12.swift in Sources */ = {isa = PBXBuildFile; fileRef = CAA6C97B20642A2D00EE8DF1 /* TLS12.swift */; };
/* End PBXBuildFile section */

/* Begin PBXContainerItemProxy section */
		4651A16020083BF700037D31 /* PBXContainerItemProxy */ = {
			isa = PBXContainerItemProxy;
			containerPortal = 4651A14520083BF700037D31 /* Project object */;
			proxyType = 1;
			remoteGlobalIDString = 4651A14C20083BF700037D31;
			remoteInfo = AdversaryLabSwift;
		};
		4651A16B20083BF700037D31 /* PBXContainerItemProxy */ = {
			isa = PBXContainerItemProxy;
			containerPortal = 4651A14520083BF700037D31 /* Project object */;
			proxyType = 1;
			remoteGlobalIDString = 4651A14C20083BF700037D31;
			remoteInfo = AdversaryLabSwift;
		};
/* End PBXContainerItemProxy section */

/* Begin PBXCopyFilesBuildPhase section */
		AE08E0DD226A911500D94E45 /* CopyFiles */ = {
			isa = PBXCopyFilesBuildPhase;
			buildActionMask = 2147483647;
			dstPath = Contents/Library/LaunchServices;
			dstSubfolderSpec = 1;
			files = (
			);
			runOnlyForDeploymentPostprocessing = 0;
		};
/* End PBXCopyFilesBuildPhase section */

/* Begin PBXFileReference section */
		460CF7D220758D2C00FB3723 /* redis-server */ = {isa = PBXFileReference; lastKnownFileType = "compiled.mach-o.executable"; path = "redis-server"; sourceTree = "<group>"; };
		460CF7DC2076AFDA00FB3723 /* RedisServerController.swift */ = {isa = PBXFileReference; lastKnownFileType = sourcecode.swift; path = RedisServerController.swift; sourceTree = "<group>"; };
		460CF7E52076C3D800FB3723 /* LaunchRedisServerScript.sh */ = {isa = PBXFileReference; fileEncoding = 4; lastKnownFileType = text.script.sh; path = LaunchRedisServerScript.sh; sourceTree = "<group>"; };
		460CF7E72076C76D00FB3723 /* ShutdownRedisServerScript.sh */ = {isa = PBXFileReference; fileEncoding = 4; lastKnownFileType = text.script.sh; path = ShutdownRedisServerScript.sh; sourceTree = "<group>"; };
		460CF7E92076EB0800FB3723 /* redis.conf */ = {isa = PBXFileReference; fileEncoding = 4; lastKnownFileType = text; path = redis.conf; sourceTree = "<group>"; };
		460CF7EB2076F75A00FB3723 /* redis-cli */ = {isa = PBXFileReference; lastKnownFileType = "compiled.mach-o.executable"; path = "redis-cli"; sourceTree = "<group>"; };
		46175B6820253F86009311D6 /* FakeConnectionGenerator.swift */ = {isa = PBXFileReference; lastKnownFileType = sourcecode.swift; path = FakeConnectionGenerator.swift; sourceTree = "<group>"; };
		46175B74202D2CDE009311D6 /* ConnectionInspector.swift */ = {isa = PBXFileReference; lastKnownFileType = sourcecode.swift; path = ConnectionInspector.swift; sourceTree = "<group>"; };
		46175B7B202D46AF009311D6 /* Sequences.swift */ = {isa = PBXFileReference; lastKnownFileType = sourcecode.swift; path = Sequences.swift; sourceTree = "<group>"; };
		462271F62049021A00F21D08 /* DataHelper.swift */ = {isa = PBXFileReference; lastKnownFileType = sourcecode.swift; path = DataHelper.swift; sourceTree = "<group>"; };
		462E73A62091421400C59B80 /* ProgressBot.swift */ = {isa = PBXFileReference; lastKnownFileType = sourcecode.swift; path = ProgressBot.swift; sourceTree = "<group>"; };
		4651A14D20083BF700037D31 /* AdversaryLabSwift.app */ = {isa = PBXFileReference; explicitFileType = wrapper.application; includeInIndex = 0; path = AdversaryLabSwift.app; sourceTree = BUILT_PRODUCTS_DIR; };
		4651A15020083BF700037D31 /* AppDelegate.swift */ = {isa = PBXFileReference; lastKnownFileType = sourcecode.swift; path = AppDelegate.swift; sourceTree = "<group>"; };
		4651A15220083BF700037D31 /* ViewController.swift */ = {isa = PBXFileReference; lastKnownFileType = sourcecode.swift; path = ViewController.swift; sourceTree = "<group>"; };
		4651A15420083BF700037D31 /* Assets.xcassets */ = {isa = PBXFileReference; lastKnownFileType = folder.assetcatalog; path = Assets.xcassets; sourceTree = "<group>"; };
		4651A15720083BF700037D31 /* Base */ = {isa = PBXFileReference; lastKnownFileType = file.storyboard; name = Base; path = Base.lproj/Main.storyboard; sourceTree = "<group>"; };
		4651A15920083BF700037D31 /* Info.plist */ = {isa = PBXFileReference; lastKnownFileType = text.plist.xml; path = Info.plist; sourceTree = "<group>"; };
		4651A15A20083BF700037D31 /* AdversaryLabSwift.entitlements */ = {isa = PBXFileReference; lastKnownFileType = text.plist.entitlements; path = AdversaryLabSwift.entitlements; sourceTree = "<group>"; };
		4651A15F20083BF700037D31 /* AdversaryLabSwiftTests.xctest */ = {isa = PBXFileReference; explicitFileType = wrapper.cfbundle; includeInIndex = 0; path = AdversaryLabSwiftTests.xctest; sourceTree = BUILT_PRODUCTS_DIR; };
		4651A16A20083BF700037D31 /* AdversaryLabSwiftUITests.xctest */ = {isa = PBXFileReference; explicitFileType = wrapper.cfbundle; includeInIndex = 0; path = AdversaryLabSwiftUITests.xctest; sourceTree = BUILT_PRODUCTS_DIR; };
		4651A16E20083BF700037D31 /* AdversaryLabSwiftUITests.swift */ = {isa = PBXFileReference; lastKnownFileType = sourcecode.swift; path = AdversaryLabSwiftUITests.swift; sourceTree = "<group>"; };
		4651A17020083BF700037D31 /* Info.plist */ = {isa = PBXFileReference; lastKnownFileType = text.plist.xml; path = Info.plist; sourceTree = "<group>"; };
		4651A1A72009403800037D31 /* AdversaryLabSwiftTests.swift */ = {isa = PBXFileReference; fileEncoding = 4; lastKnownFileType = sourcecode.swift; path = AdversaryLabSwiftTests.swift; sourceTree = "<group>"; };
		467E49392017F166008B19E3 /* Constants.swift */ = {isa = PBXFileReference; lastKnownFileType = sourcecode.swift; path = Constants.swift; sourceTree = "<group>"; };
		468B26232023B609000A2B5D /* Info.plist */ = {isa = PBXFileReference; lastKnownFileType = text.plist.xml; path = Info.plist; sourceTree = "<group>"; };
		468B26512023D016000A2B5D /* ObservedConnections.swift */ = {isa = PBXFileReference; lastKnownFileType = sourcecode.swift; path = ObservedConnections.swift; sourceTree = "<group>"; };
		46CD66032093B100009E1141 /* AdversaryLabClient */ = {isa = PBXFileReference; lastKnownFileType = "compiled.mach-o.executable"; path = AdversaryLabClient; sourceTree = "<group>"; };
		5343B39E208FB1F100AD5D72 /* ProcessingConfigurationModel.swift */ = {isa = PBXFileReference; lastKnownFileType = sourcecode.swift; path = ProcessingConfigurationModel.swift; sourceTree = "<group>"; };
		5343B3A7208FC4AC00AD5D72 /* PauseBot.swift */ = {isa = PBXFileReference; lastKnownFileType = sourcecode.swift; name = PauseBot.swift; path = AdversaryLabSwift/Models/PauseBot.swift; sourceTree = SOURCE_ROOT; };
		53C9A3252097BB7A00F813FF /* subsequences.so */ = {isa = PBXFileReference; lastKnownFileType = "compiled.mach-o.bundle"; path = subsequences.so; sourceTree = "<group>"; };
		AE0BC8AD226F87A400AD89E7 /* ServiceManagement.framework */ = {isa = PBXFileReference; lastKnownFileType = wrapper.framework; name = ServiceManagement.framework; path = System/Library/Frameworks/ServiceManagement.framework; sourceTree = SDKROOT; };
		AE0BC8CD226FAC6500AD89E7 /* CheckRedisServerPortScript.sh */ = {isa = PBXFileReference; fileEncoding = 4; lastKnownFileType = text.script.sh; path = CheckRedisServerPortScript.sh; sourceTree = "<group>"; };
		AE0BC8D62273831500AD89E7 /* KillRedisServerScript.sh */ = {isa = PBXFileReference; fileEncoding = 4; lastKnownFileType = text.script.sh; path = KillRedisServerScript.sh; sourceTree = "<group>"; };
		AE0BC8DE2280923E00AD89E7 /* Security.framework */ = {isa = PBXFileReference; lastKnownFileType = wrapper.framework; name = Security.framework; path = System/Library/Frameworks/Security.framework; sourceTree = SDKROOT; };
		AE0BC8E12280941900AD89E7 /* Foundation.framework */ = {isa = PBXFileReference; lastKnownFileType = wrapper.framework; name = Foundation.framework; path = System/Library/Frameworks/Foundation.framework; sourceTree = SDKROOT; };
		AE17917524D9FFA300620B5E /* PacketLengths.swift */ = {isa = PBXFileReference; lastKnownFileType = sourcecode.swift; path = PacketLengths.swift; sourceTree = "<group>"; };
		AE1AC6F92258020500555456 /* MLModelController.swift */ = {isa = PBXFileReference; lastKnownFileType = sourcecode.swift; path = MLModelController.swift; sourceTree = "<group>"; };
		AE1D466A24EC5BF900344541 /* PacketTimings.swift */ = {isa = PBXFileReference; lastKnownFileType = sourcecode.swift; path = PacketTimings.swift; sourceTree = "<group>"; };
		AE1D466C24EC5C6500344541 /* PacketEntropies.swift */ = {isa = PBXFileReference; lastKnownFileType = sourcecode.swift; path = PacketEntropies.swift; sourceTree = "<group>"; };
		AE34E6CD22CBE0FA00F89F26 /* SequencesCoreML.swift */ = {isa = PBXFileReference; lastKnownFileType = sourcecode.swift; path = SequencesCoreML.swift; sourceTree = "<group>"; };
		AE435F0C24B4DD7C007F0075 /* DataProcessing.swift */ = {isa = PBXFileReference; lastKnownFileType = sourcecode.swift; path = DataProcessing.swift; sourceTree = "<group>"; };
		AE435F8224B50A9E007F0075 /* SymphonyController.swift */ = {isa = PBXFileReference; lastKnownFileType = sourcecode.swift; path = SymphonyController.swift; sourceTree = "<group>"; };
		AE4A36FA225BCA2100F4B4E5 /* exampleData.csv */ = {isa = PBXFileReference; lastKnownFileType = text; path = exampleData.csv; sourceTree = "<group>"; };
		AE4A3702225BD58300F4B4E5 /* AllFeatures.swift */ = {isa = PBXFileReference; lastKnownFileType = sourcecode.swift; path = AllFeatures.swift; sourceTree = "<group>"; };
		AE51B03B2519C2F50086668A /* libswiftCreateML.tbd */ = {isa = PBXFileReference; lastKnownFileType = "sourcecode.text-based-dylib-definition"; name = libswiftCreateML.tbd; path = usr/lib/swift/libswiftCreateML.tbd; sourceTree = SDKROOT; };
		AE51B04F2519CCA70086668A /* TrainingData.swift */ = {isa = PBXFileReference; lastKnownFileType = sourcecode.swift; path = TrainingData.swift; sourceTree = "<group>"; };
		AE583DCD2502BD17003ED1D0 /* TrainingResults.swift */ = {isa = PBXFileReference; lastKnownFileType = sourcecode.swift; path = TrainingResults.swift; sourceTree = "<group>"; };
		AE583DCF25030560003ED1D0 /* TestResults.swift */ = {isa = PBXFileReference; lastKnownFileType = sourcecode.swift; path = TestResults.swift; sourceTree = "<group>"; };
		AE5D5E6123CD44CA00C8646B /* RethinkPacket.swift */ = {isa = PBXFileReference; lastKnownFileType = sourcecode.swift; path = RethinkPacket.swift; sourceTree = "<group>"; };
		AE85902A225288F9003B21C0 /* PacketLengthsCoreML.swift */ = {isa = PBXFileReference; fileEncoding = 4; lastKnownFileType = sourcecode.swift; path = PacketLengthsCoreML.swift; sourceTree = "<group>"; };
		AE85902D2253E178003B21C0 /* TimingCoreML.swift */ = {isa = PBXFileReference; fileEncoding = 4; lastKnownFileType = sourcecode.swift; path = TimingCoreML.swift; sourceTree = "<group>"; };
		AE8590362253E4DE003B21C0 /* EntropyCoreML.swift */ = {isa = PBXFileReference; fileEncoding = 4; lastKnownFileType = sourcecode.swift; path = EntropyCoreML.swift; sourceTree = "<group>"; };
		AE859055225656B3003B21C0 /* TLS12CoreML.swift */ = {isa = PBXFileReference; lastKnownFileType = sourcecode.swift; path = TLS12CoreML.swift; sourceTree = "<group>"; };
		AE8EA7B72527E2690071EA44 /* ChartsUIView.swift */ = {isa = PBXFileReference; lastKnownFileType = sourcecode.swift; path = ChartsUIView.swift; sourceTree = "<group>"; };
		AE8EA7D5252CC79F0071EA44 /* FileController.swift */ = {isa = PBXFileReference; lastKnownFileType = sourcecode.swift; path = FileController.swift; sourceTree = "<group>"; };
		AE929724226521F6005C1FBB /* Globals.swift */ = {isa = PBXFileReference; lastKnownFileType = sourcecode.swift; path = Globals.swift; sourceTree = "<group>"; };
		AEBC57582411E15A00D9BFB0 /* libswiftCreateML.dylib */ = {isa = PBXFileReference; lastKnownFileType = "compiled.mach-o.dylib"; name = libswiftCreateML.dylib; path = Toolchains/XcodeDefault.xctoolchain/usr/lib/swift/macosx/libswiftCreateML.dylib; sourceTree = DEVELOPER_DIR; };
		AEC00A2323733A0800E5582B /* ConnectionGroupData.swift */ = {isa = PBXFileReference; lastKnownFileType = sourcecode.swift; path = ConnectionGroupData.swift; sourceTree = "<group>"; };
		AED8490522B8465000998CC6 /* OperatorReportController.swift */ = {isa = PBXFileReference; lastKnownFileType = sourcecode.swift; path = OperatorReportController.swift; sourceTree = "<group>"; };
		AEE50AFE228FBE8C009698CC /* Alerts.swift */ = {isa = PBXFileReference; lastKnownFileType = sourcecode.swift; path = Alerts.swift; sourceTree = "<group>"; };
		CA727CD32050A3580051A01B /* README.md */ = {isa = PBXFileReference; fileEncoding = 4; lastKnownFileType = net.daringfireball.markdown; path = README.md; sourceTree = "<group>"; };
		CAA6C97A20642A2D00EE8DF1 /* KnownProtocols.swift */ = {isa = PBXFileReference; fileEncoding = 4; lastKnownFileType = sourcecode.swift; path = KnownProtocols.swift; sourceTree = "<group>"; };
		CAA6C97B20642A2D00EE8DF1 /* TLS12.swift */ = {isa = PBXFileReference; fileEncoding = 4; lastKnownFileType = sourcecode.swift; path = TLS12.swift; sourceTree = "<group>"; };
/* End PBXFileReference section */

/* Begin PBXFrameworksBuildPhase section */
		4651A14A20083BF700037D31 /* Frameworks */ = {
			isa = PBXFrameworksBuildPhase;
			buildActionMask = 2147483647;
			files = (
				AE17921424DCC5E900620B5E /* Datable in Frameworks */,
				AE17922224E3011300620B5E /* Axis in Frameworks */,
				AE17920624DCC53800620B5E /* RawPacket in Frameworks */,
				AE0BC8DF2280923E00AD89E7 /* Security.framework in Frameworks */,
				AE17921724DCC61500620B5E /* Abacus in Frameworks */,
				AE0BC8AE226F87A400AD89E7 /* ServiceManagement.framework in Frameworks */,
				AE17921124DCC5CE00620B5E /* Auburn in Frameworks */,
				AE17920C24DCC5AB00620B5E /* Symphony in Frameworks */,
				AE17920E24DCC5AB00620B5E /* Song in Frameworks */,
				AE51B04B2519C4D90086668A /* libswiftCreateML.tbd in Frameworks */,
				AE17921A24DCC67A00620B5E /* Charts in Frameworks */,
				AE17920924DCC55F00620B5E /* ZIPFoundation in Frameworks */,
			);
			runOnlyForDeploymentPostprocessing = 0;
		};
		4651A15C20083BF700037D31 /* Frameworks */ = {
			isa = PBXFrameworksBuildPhase;
			buildActionMask = 2147483647;
			files = (
			);
			runOnlyForDeploymentPostprocessing = 0;
		};
		4651A16720083BF700037D31 /* Frameworks */ = {
			isa = PBXFrameworksBuildPhase;
			buildActionMask = 2147483647;
			files = (
			);
			runOnlyForDeploymentPostprocessing = 0;
		};
/* End PBXFrameworksBuildPhase section */

/* Begin PBXGroup section */
		4612DCDB203B5C9D007F798E /* Features */ = {
			isa = PBXGroup;
			children = (
				46175B7B202D46AF009311D6 /* Sequences.swift */,
				CAA6C97920642A2D00EE8DF1 /* Protocols */,
			);
			path = Features;
			sourceTree = "<group>";
		};
		46175B6020253F33009311D6 /* Controllers */ = {
			isa = PBXGroup;
			children = (
				AE1AC6F92258020500555456 /* MLModelController.swift */,
				46175B6820253F86009311D6 /* FakeConnectionGenerator.swift */,
				46175B74202D2CDE009311D6 /* ConnectionInspector.swift */,
				460CF7DC2076AFDA00FB3723 /* RedisServerController.swift */,
				AED8490522B8465000998CC6 /* OperatorReportController.swift */,
				AE435F0C24B4DD7C007F0075 /* DataProcessing.swift */,
				AE435F8224B50A9E007F0075 /* SymphonyController.swift */,
				AE8EA7D5252CC79F0071EA44 /* FileController.swift */,
			);
			path = Controllers;
			sourceTree = "<group>";
		};
		46175B76202D2DBE009311D6 /* Helpers */ = {
			isa = PBXGroup;
			children = (
				462E73A62091421400C59B80 /* ProgressBot.swift */,
				467E49392017F166008B19E3 /* Constants.swift */,
				462271F62049021A00F21D08 /* DataHelper.swift */,
				AE929724226521F6005C1FBB /* Globals.swift */,
				AEE50AFE228FBE8C009698CC /* Alerts.swift */,
			);
			path = Helpers;
			sourceTree = "<group>";
		};
		4651A14420083BF700037D31 = {
			isa = PBXGroup;
			children = (
				CA727CD32050A3580051A01B /* README.md */,
				460CF7E92076EB0800FB3723 /* redis.conf */,
				4651A14F20083BF700037D31 /* AdversaryLabSwift */,
				4651A1A62009401F00037D31 /* AdversaryLabSwiftTests */,
				4651A16D20083BF700037D31 /* AdversaryLabSwiftUITests */,
				AE0BC8D822739B5600AD89E7 /* Scripts */,
				AE0BC8D922739BB800AD89E7 /* Executables */,
				4651A14E20083BF700037D31 /* Products */,
				468B26402023BBB6000A2B5D /* Frameworks */,
			);
			sourceTree = "<group>";
		};
		4651A14E20083BF700037D31 /* Products */ = {
			isa = PBXGroup;
			children = (
				4651A14D20083BF700037D31 /* AdversaryLabSwift.app */,
				4651A15F20083BF700037D31 /* AdversaryLabSwiftTests.xctest */,
				4651A16A20083BF700037D31 /* AdversaryLabSwiftUITests.xctest */,
			);
			name = Products;
			sourceTree = "<group>";
		};
		4651A14F20083BF700037D31 /* AdversaryLabSwift */ = {
			isa = PBXGroup;
			children = (
				AE4A36FA225BCA2100F4B4E5 /* exampleData.csv */,
				AE859022225288C2003B21C0 /* CoreMLFeatures */,
				4612DCDB203B5C9D007F798E /* Features */,
				46175B76202D2DBE009311D6 /* Helpers */,
				46175B6020253F33009311D6 /* Controllers */,
				468B26502023CFF8000A2B5D /* Models */,
				4651A15020083BF700037D31 /* AppDelegate.swift */,
				4651A15220083BF700037D31 /* ViewController.swift */,
				4651A15420083BF700037D31 /* Assets.xcassets */,
				4651A15620083BF700037D31 /* Main.storyboard */,
				AE8EA7B72527E2690071EA44 /* ChartsUIView.swift */,
				4651A15920083BF700037D31 /* Info.plist */,
				4651A15A20083BF700037D31 /* AdversaryLabSwift.entitlements */,
			);
			path = AdversaryLabSwift;
			sourceTree = "<group>";
		};
		4651A16D20083BF700037D31 /* AdversaryLabSwiftUITests */ = {
			isa = PBXGroup;
			children = (
				4651A16E20083BF700037D31 /* AdversaryLabSwiftUITests.swift */,
				4651A17020083BF700037D31 /* Info.plist */,
			);
			path = AdversaryLabSwiftUITests;
			sourceTree = "<group>";
		};
		4651A1A62009401F00037D31 /* AdversaryLabSwiftTests */ = {
			isa = PBXGroup;
			children = (
				4651A1A72009403800037D31 /* AdversaryLabSwiftTests.swift */,
				468B26232023B609000A2B5D /* Info.plist */,
			);
			path = AdversaryLabSwiftTests;
			sourceTree = "<group>";
		};
		468B26402023BBB6000A2B5D /* Frameworks */ = {
			isa = PBXGroup;
			children = (
				AE51B03B2519C2F50086668A /* libswiftCreateML.tbd */,
				AEBC57582411E15A00D9BFB0 /* libswiftCreateML.dylib */,
				AE0BC8E12280941900AD89E7 /* Foundation.framework */,
				AE0BC8DE2280923E00AD89E7 /* Security.framework */,
				AE0BC8AD226F87A400AD89E7 /* ServiceManagement.framework */,
			);
			name = Frameworks;
			sourceTree = "<group>";
		};
		468B26502023CFF8000A2B5D /* Models */ = {
			isa = PBXGroup;
			children = (
				5343B3A7208FC4AC00AD5D72 /* PauseBot.swift */,
				468B26512023D016000A2B5D /* ObservedConnections.swift */,
				5343B39E208FB1F100AD5D72 /* ProcessingConfigurationModel.swift */,
				AEC00A2323733A0800E5582B /* ConnectionGroupData.swift */,
				AE5D5E6123CD44CA00C8646B /* RethinkPacket.swift */,
				AE17917524D9FFA300620B5E /* PacketLengths.swift */,
				AE1D466A24EC5BF900344541 /* PacketTimings.swift */,
				AE1D466C24EC5C6500344541 /* PacketEntropies.swift */,
				AE51B04F2519CCA70086668A /* TrainingData.swift */,
				AE583DCD2502BD17003ED1D0 /* TrainingResults.swift */,
				AE583DCF25030560003ED1D0 /* TestResults.swift */,
			);
			path = Models;
			sourceTree = "<group>";
		};
		AE0BC8D822739B5600AD89E7 /* Scripts */ = {
			isa = PBXGroup;
			children = (
				AE0BC8D62273831500AD89E7 /* KillRedisServerScript.sh */,
				AE0BC8CD226FAC6500AD89E7 /* CheckRedisServerPortScript.sh */,
				460CF7E72076C76D00FB3723 /* ShutdownRedisServerScript.sh */,
				460CF7E52076C3D800FB3723 /* LaunchRedisServerScript.sh */,
			);
			path = Scripts;
			sourceTree = "<group>";
		};
		AE0BC8D922739BB800AD89E7 /* Executables */ = {
			isa = PBXGroup;
			children = (
				53C9A3252097BB7A00F813FF /* subsequences.so */,
				460CF7D220758D2C00FB3723 /* redis-server */,
				460CF7EB2076F75A00FB3723 /* redis-cli */,
				46CD66032093B100009E1141 /* AdversaryLabClient */,
			);
			path = Executables;
			sourceTree = "<group>";
		};
		AE859022225288C2003B21C0 /* CoreMLFeatures */ = {
			isa = PBXGroup;
			children = (
				AE8590362253E4DE003B21C0 /* EntropyCoreML.swift */,
				AE85902D2253E178003B21C0 /* TimingCoreML.swift */,
				AE85902A225288F9003B21C0 /* PacketLengthsCoreML.swift */,
				AE859055225656B3003B21C0 /* TLS12CoreML.swift */,
				AE4A3702225BD58300F4B4E5 /* AllFeatures.swift */,
				AE34E6CD22CBE0FA00F89F26 /* SequencesCoreML.swift */,
			);
			path = CoreMLFeatures;
			sourceTree = "<group>";
		};
		CAA6C97920642A2D00EE8DF1 /* Protocols */ = {
			isa = PBXGroup;
			children = (
				CAA6C97A20642A2D00EE8DF1 /* KnownProtocols.swift */,
				CAA6C97B20642A2D00EE8DF1 /* TLS12.swift */,
			);
			path = Protocols;
			sourceTree = "<group>";
		};
/* End PBXGroup section */

/* Begin PBXNativeTarget section */
		4651A14C20083BF700037D31 /* AdversaryLabSwift */ = {
			isa = PBXNativeTarget;
			buildConfigurationList = 4651A17320083BF800037D31 /* Build configuration list for PBXNativeTarget "AdversaryLabSwift" */;
			buildPhases = (
				4651A14920083BF700037D31 /* Sources */,
				4651A14A20083BF700037D31 /* Frameworks */,
				4651A14B20083BF700037D31 /* Resources */,
				AE08E0DD226A911500D94E45 /* CopyFiles */,
			);
			buildRules = (
			);
			dependencies = (
			);
			name = AdversaryLabSwift;
			packageProductDependencies = (
				AE17920524DCC53800620B5E /* RawPacket */,
				AE17920824DCC55F00620B5E /* ZIPFoundation */,
				AE17920B24DCC5AB00620B5E /* Symphony */,
				AE17920D24DCC5AB00620B5E /* Song */,
				AE17921024DCC5CE00620B5E /* Auburn */,
				AE17921324DCC5E900620B5E /* Datable */,
				AE17921624DCC61500620B5E /* Abacus */,
				AE17921924DCC67A00620B5E /* Charts */,
				AE17922124E3011300620B5E /* Axis */,
			);
			productName = AdversaryLabSwift;
			productReference = 4651A14D20083BF700037D31 /* AdversaryLabSwift.app */;
			productType = "com.apple.product-type.application";
		};
		4651A15E20083BF700037D31 /* AdversaryLabSwiftTests */ = {
			isa = PBXNativeTarget;
			buildConfigurationList = 4651A17620083BF800037D31 /* Build configuration list for PBXNativeTarget "AdversaryLabSwiftTests" */;
			buildPhases = (
				4651A15B20083BF700037D31 /* Sources */,
				4651A15C20083BF700037D31 /* Frameworks */,
				4651A15D20083BF700037D31 /* Resources */,
			);
			buildRules = (
			);
			dependencies = (
				4651A16120083BF700037D31 /* PBXTargetDependency */,
			);
			name = AdversaryLabSwiftTests;
			productName = AdversaryLabSwiftTests;
			productReference = 4651A15F20083BF700037D31 /* AdversaryLabSwiftTests.xctest */;
			productType = "com.apple.product-type.bundle.unit-test";
		};
		4651A16920083BF700037D31 /* AdversaryLabSwiftUITests */ = {
			isa = PBXNativeTarget;
			buildConfigurationList = 4651A17920083BF800037D31 /* Build configuration list for PBXNativeTarget "AdversaryLabSwiftUITests" */;
			buildPhases = (
				4651A16620083BF700037D31 /* Sources */,
				4651A16720083BF700037D31 /* Frameworks */,
				4651A16820083BF700037D31 /* Resources */,
			);
			buildRules = (
			);
			dependencies = (
				4651A16C20083BF700037D31 /* PBXTargetDependency */,
			);
			name = AdversaryLabSwiftUITests;
			productName = AdversaryLabSwiftUITests;
			productReference = 4651A16A20083BF700037D31 /* AdversaryLabSwiftUITests.xctest */;
			productType = "com.apple.product-type.bundle.ui-testing";
		};
/* End PBXNativeTarget section */

/* Begin PBXProject section */
		4651A14520083BF700037D31 /* Project object */ = {
			isa = PBXProject;
			attributes = {
				LastSwiftUpdateCheck = 1010;
				LastUpgradeCheck = 1200;
				ORGANIZATIONNAME = "Operator Foundation";
				TargetAttributes = {
					4651A14C20083BF700037D31 = {
						CreatedOnToolsVersion = 9.2;
						LastSwiftMigration = 1020;
						ProvisioningStyle = Automatic;
					};
					4651A15E20083BF700037D31 = {
						CreatedOnToolsVersion = 9.2;
						LastSwiftMigration = 1020;
						ProvisioningStyle = Automatic;
						TestTargetID = 4651A14C20083BF700037D31;
					};
					4651A16920083BF700037D31 = {
						CreatedOnToolsVersion = 9.2;
						LastSwiftMigration = 1020;
						ProvisioningStyle = Automatic;
						TestTargetID = 4651A14C20083BF700037D31;
					};
				};
			};
			buildConfigurationList = 4651A14820083BF700037D31 /* Build configuration list for PBXProject "AdversaryLabSwift" */;
			compatibilityVersion = "Xcode 8.0";
			developmentRegion = en;
			hasScannedForEncodings = 0;
			knownRegions = (
				en,
				Base,
			);
			mainGroup = 4651A14420083BF700037D31;
			packageReferences = (
				AE17920424DCC53800620B5E /* XCRemoteSwiftPackageReference "AdversaryLabClientSwift" */,
				AE17920724DCC55F00620B5E /* XCRemoteSwiftPackageReference "ZIPFoundation" */,
				AE17920A24DCC5AB00620B5E /* XCRemoteSwiftPackageReference "Song" */,
				AE17920F24DCC5CE00620B5E /* XCRemoteSwiftPackageReference "Auburn" */,
				AE17921224DCC5E900620B5E /* XCRemoteSwiftPackageReference "Datable" */,
				AE17921524DCC61500620B5E /* XCRemoteSwiftPackageReference "Abacus" */,
				AE17921824DCC67A00620B5E /* XCRemoteSwiftPackageReference "Charts" */,
				AE17922024E3011300620B5E /* XCRemoteSwiftPackageReference "Axis" */,
			);
			productRefGroup = 4651A14E20083BF700037D31 /* Products */;
			projectDirPath = "";
			projectRoot = "";
			targets = (
				4651A14C20083BF700037D31 /* AdversaryLabSwift */,
				4651A15E20083BF700037D31 /* AdversaryLabSwiftTests */,
				4651A16920083BF700037D31 /* AdversaryLabSwiftUITests */,
			);
		};
/* End PBXProject section */

/* Begin PBXResourcesBuildPhase section */
		4651A14B20083BF700037D31 /* Resources */ = {
			isa = PBXResourcesBuildPhase;
			buildActionMask = 2147483647;
			files = (
				AE0BC8D5226FAC6500AD89E7 /* CheckRedisServerPortScript.sh in Resources */,
				CA727CD42050A3580051A01B /* README.md in Resources */,
				4651A15520083BF700037D31 /* Assets.xcassets in Resources */,
				460CF7E62076C3D800FB3723 /* LaunchRedisServerScript.sh in Resources */,
				53C9A3262097BB7A00F813FF /* subsequences.so in Resources */,
				AE0BC8D72273831500AD89E7 /* KillRedisServerScript.sh in Resources */,
				46CD660B2093B100009E1141 /* AdversaryLabClient in Resources */,
				4651A15820083BF700037D31 /* Main.storyboard in Resources */,
				460CF7E82076C76D00FB3723 /* ShutdownRedisServerScript.sh in Resources */,
				460CF7EC2076F75A00FB3723 /* redis-cli in Resources */,
				460CF7DA20758D2C00FB3723 /* redis-server in Resources */,
				460CF7EA2076EB0800FB3723 /* redis.conf in Resources */,
			);
			runOnlyForDeploymentPostprocessing = 0;
		};
		4651A15D20083BF700037D31 /* Resources */ = {
			isa = PBXResourcesBuildPhase;
			buildActionMask = 2147483647;
			files = (
			);
			runOnlyForDeploymentPostprocessing = 0;
		};
		4651A16820083BF700037D31 /* Resources */ = {
			isa = PBXResourcesBuildPhase;
			buildActionMask = 2147483647;
			files = (
			);
			runOnlyForDeploymentPostprocessing = 0;
		};
/* End PBXResourcesBuildPhase section */

/* Begin PBXSourcesBuildPhase section */
		4651A14920083BF700037D31 /* Sources */ = {
			isa = PBXSourcesBuildPhase;
			buildActionMask = 2147483647;
			files = (
				AEC00A2423733A0800E5582B /* ConnectionGroupData.swift in Sources */,
				AE1D466B24EC5BF900344541 /* PacketTimings.swift in Sources */,
				AE583DD025030560003ED1D0 /* TestResults.swift in Sources */,
				AE8EA7D6252CC79F0071EA44 /* FileController.swift in Sources */,
				AE34E6CE22CBE0FA00F89F26 /* SequencesCoreML.swift in Sources */,
				AE4A3703225BD58300F4B4E5 /* AllFeatures.swift in Sources */,
				AE1D466D24EC5C6500344541 /* PacketEntropies.swift in Sources */,
				462E73A72091421400C59B80 /* ProgressBot.swift in Sources */,
				AE8590372253E4DE003B21C0 /* EntropyCoreML.swift in Sources */,
				4651A15320083BF700037D31 /* ViewController.swift in Sources */,
				46175B75202D2CDE009311D6 /* ConnectionInspector.swift in Sources */,
				AE8EA7B82527E2690071EA44 /* ChartsUIView.swift in Sources */,
				AE929725226521F6005C1FBB /* Globals.swift in Sources */,
				AE5D5E6223CD44CB00C8646B /* RethinkPacket.swift in Sources */,
				460CF7DD2076AFDA00FB3723 /* RedisServerController.swift in Sources */,
				AE435F8324B50A9E007F0075 /* SymphonyController.swift in Sources */,
				AE8590352253E178003B21C0 /* TimingCoreML.swift in Sources */,
				AE1AC6FA2258020500555456 /* MLModelController.swift in Sources */,
				CAA6C98320642A2D00EE8DF1 /* KnownProtocols.swift in Sources */,
				46175B6920253F86009311D6 /* FakeConnectionGenerator.swift in Sources */,
				AE51B0502519CCA70086668A /* TrainingData.swift in Sources */,
				AEE50AFF228FBE8C009698CC /* Alerts.swift in Sources */,
				468B26522023D016000A2B5D /* ObservedConnections.swift in Sources */,
				AE435F0D24B4DD7C007F0075 /* DataProcessing.swift in Sources */,
				AE583DCE2502BD17003ED1D0 /* TrainingResults.swift in Sources */,
				5343B39F208FB1F100AD5D72 /* ProcessingConfigurationModel.swift in Sources */,
				AE85902B225288F9003B21C0 /* PacketLengthsCoreML.swift in Sources */,
				462271F72049021A00F21D08 /* DataHelper.swift in Sources */,
				AED8490622B8465000998CC6 /* OperatorReportController.swift in Sources */,
				AE859056225656B3003B21C0 /* TLS12CoreML.swift in Sources */,
				4651A15120083BF700037D31 /* AppDelegate.swift in Sources */,
				AE17917624D9FFA300620B5E /* PacketLengths.swift in Sources */,
				5343B3A8208FC4AC00AD5D72 /* PauseBot.swift in Sources */,
				CAA6C98420642A2D00EE8DF1 /* TLS12.swift in Sources */,
				46175B7C202D46AF009311D6 /* Sequences.swift in Sources */,
				467E493A2017F166008B19E3 /* Constants.swift in Sources */,
			);
			runOnlyForDeploymentPostprocessing = 0;
		};
		4651A15B20083BF700037D31 /* Sources */ = {
			isa = PBXSourcesBuildPhase;
			buildActionMask = 2147483647;
			files = (
				4651A1A82009403800037D31 /* AdversaryLabSwiftTests.swift in Sources */,
			);
			runOnlyForDeploymentPostprocessing = 0;
		};
		4651A16620083BF700037D31 /* Sources */ = {
			isa = PBXSourcesBuildPhase;
			buildActionMask = 2147483647;
			files = (
				4651A16F20083BF700037D31 /* AdversaryLabSwiftUITests.swift in Sources */,
			);
			runOnlyForDeploymentPostprocessing = 0;
		};
/* End PBXSourcesBuildPhase section */

/* Begin PBXTargetDependency section */
		4651A16120083BF700037D31 /* PBXTargetDependency */ = {
			isa = PBXTargetDependency;
			target = 4651A14C20083BF700037D31 /* AdversaryLabSwift */;
			targetProxy = 4651A16020083BF700037D31 /* PBXContainerItemProxy */;
		};
		4651A16C20083BF700037D31 /* PBXTargetDependency */ = {
			isa = PBXTargetDependency;
			target = 4651A14C20083BF700037D31 /* AdversaryLabSwift */;
			targetProxy = 4651A16B20083BF700037D31 /* PBXContainerItemProxy */;
		};
/* End PBXTargetDependency section */

/* Begin PBXVariantGroup section */
		4651A15620083BF700037D31 /* Main.storyboard */ = {
			isa = PBXVariantGroup;
			children = (
				4651A15720083BF700037D31 /* Base */,
			);
			name = Main.storyboard;
			sourceTree = "<group>";
		};
/* End PBXVariantGroup section */

/* Begin XCBuildConfiguration section */
		4651A17120083BF800037D31 /* Debug */ = {
			isa = XCBuildConfiguration;
			buildSettings = {
				ALWAYS_EMBED_SWIFT_STANDARD_LIBRARIES = NO;
				ALWAYS_SEARCH_USER_PATHS = NO;
				CLANG_ANALYZER_NONNULL = YES;
				CLANG_ANALYZER_NUMBER_OBJECT_CONVERSION = YES_AGGRESSIVE;
				CLANG_CXX_LANGUAGE_STANDARD = "gnu++14";
				CLANG_CXX_LIBRARY = "libc++";
				CLANG_ENABLE_MODULES = YES;
				CLANG_ENABLE_OBJC_ARC = YES;
				CLANG_WARN_BLOCK_CAPTURE_AUTORELEASING = YES;
				CLANG_WARN_BOOL_CONVERSION = YES;
				CLANG_WARN_COMMA = YES;
				CLANG_WARN_CONSTANT_CONVERSION = YES;
				CLANG_WARN_DEPRECATED_OBJC_IMPLEMENTATIONS = YES;
				CLANG_WARN_DIRECT_OBJC_ISA_USAGE = YES_ERROR;
				CLANG_WARN_DOCUMENTATION_COMMENTS = YES;
				CLANG_WARN_EMPTY_BODY = YES;
				CLANG_WARN_ENUM_CONVERSION = YES;
				CLANG_WARN_INFINITE_RECURSION = YES;
				CLANG_WARN_INT_CONVERSION = YES;
				CLANG_WARN_NON_LITERAL_NULL_CONVERSION = YES;
				CLANG_WARN_OBJC_IMPLICIT_RETAIN_SELF = YES;
				CLANG_WARN_OBJC_LITERAL_CONVERSION = YES;
				CLANG_WARN_OBJC_ROOT_CLASS = YES_ERROR;
				CLANG_WARN_QUOTED_INCLUDE_IN_FRAMEWORK_HEADER = YES;
				CLANG_WARN_RANGE_LOOP_ANALYSIS = YES;
				CLANG_WARN_STRICT_PROTOTYPES = YES;
				CLANG_WARN_SUSPICIOUS_MOVE = YES;
				CLANG_WARN_UNGUARDED_AVAILABILITY = YES_AGGRESSIVE;
				CLANG_WARN_UNREACHABLE_CODE = YES;
				CLANG_WARN__DUPLICATE_METHOD_MATCH = YES;
				CODE_SIGN_IDENTITY = "Mac Developer: adelita@operatorfoundation.org (497FNLP7H5)";
				COPY_PHASE_STRIP = NO;
				DEBUG_INFORMATION_FORMAT = dwarf;
				DEVELOPMENT_TEAM = 67Y4NSLDQ3;
				ENABLE_HARDENED_RUNTIME = YES;
				ENABLE_STRICT_OBJC_MSGSEND = YES;
				ENABLE_TESTABILITY = YES;
				GCC_C_LANGUAGE_STANDARD = gnu11;
				GCC_DYNAMIC_NO_PIC = NO;
				GCC_NO_COMMON_BLOCKS = YES;
				GCC_OPTIMIZATION_LEVEL = 0;
				GCC_PREPROCESSOR_DEFINITIONS = (
					"DEBUG=1",
					"$(inherited)",
				);
				GCC_WARN_64_TO_32_BIT_CONVERSION = YES;
				GCC_WARN_ABOUT_RETURN_TYPE = YES_ERROR;
				GCC_WARN_UNDECLARED_SELECTOR = YES;
				GCC_WARN_UNINITIALIZED_AUTOS = YES_AGGRESSIVE;
				GCC_WARN_UNUSED_FUNCTION = YES;
				GCC_WARN_UNUSED_VARIABLE = YES;
				MACOSX_DEPLOYMENT_TARGET = 10.15;
				MTL_ENABLE_DEBUG_INFO = YES;
				ONLY_ACTIVE_ARCH = YES;
				SDKROOT = macosx;
				SWIFT_ACTIVE_COMPILATION_CONDITIONS = DEBUG;
				SWIFT_OPTIMIZATION_LEVEL = "-Onone";
			};
			name = Debug;
		};
		4651A17220083BF800037D31 /* Release */ = {
			isa = XCBuildConfiguration;
			buildSettings = {
				ALWAYS_EMBED_SWIFT_STANDARD_LIBRARIES = NO;
				ALWAYS_SEARCH_USER_PATHS = NO;
				CLANG_ANALYZER_NONNULL = YES;
				CLANG_ANALYZER_NUMBER_OBJECT_CONVERSION = YES_AGGRESSIVE;
				CLANG_CXX_LANGUAGE_STANDARD = "gnu++14";
				CLANG_CXX_LIBRARY = "libc++";
				CLANG_ENABLE_MODULES = YES;
				CLANG_ENABLE_OBJC_ARC = YES;
				CLANG_WARN_BLOCK_CAPTURE_AUTORELEASING = YES;
				CLANG_WARN_BOOL_CONVERSION = YES;
				CLANG_WARN_COMMA = YES;
				CLANG_WARN_CONSTANT_CONVERSION = YES;
				CLANG_WARN_DEPRECATED_OBJC_IMPLEMENTATIONS = YES;
				CLANG_WARN_DIRECT_OBJC_ISA_USAGE = YES_ERROR;
				CLANG_WARN_DOCUMENTATION_COMMENTS = YES;
				CLANG_WARN_EMPTY_BODY = YES;
				CLANG_WARN_ENUM_CONVERSION = YES;
				CLANG_WARN_INFINITE_RECURSION = YES;
				CLANG_WARN_INT_CONVERSION = YES;
				CLANG_WARN_NON_LITERAL_NULL_CONVERSION = YES;
				CLANG_WARN_OBJC_IMPLICIT_RETAIN_SELF = YES;
				CLANG_WARN_OBJC_LITERAL_CONVERSION = YES;
				CLANG_WARN_OBJC_ROOT_CLASS = YES_ERROR;
				CLANG_WARN_QUOTED_INCLUDE_IN_FRAMEWORK_HEADER = YES;
				CLANG_WARN_RANGE_LOOP_ANALYSIS = YES;
				CLANG_WARN_STRICT_PROTOTYPES = YES;
				CLANG_WARN_SUSPICIOUS_MOVE = YES;
				CLANG_WARN_UNGUARDED_AVAILABILITY = YES_AGGRESSIVE;
				CLANG_WARN_UNREACHABLE_CODE = YES;
				CLANG_WARN__DUPLICATE_METHOD_MATCH = YES;
				CODE_SIGN_IDENTITY = "Mac Developer: adelita@operatorfoundation.org (497FNLP7H5)";
				COPY_PHASE_STRIP = NO;
				DEBUG_INFORMATION_FORMAT = "dwarf-with-dsym";
				DEVELOPMENT_TEAM = 67Y4NSLDQ3;
				ENABLE_HARDENED_RUNTIME = YES;
				ENABLE_NS_ASSERTIONS = NO;
				ENABLE_STRICT_OBJC_MSGSEND = YES;
				GCC_C_LANGUAGE_STANDARD = gnu11;
				GCC_NO_COMMON_BLOCKS = YES;
				GCC_WARN_64_TO_32_BIT_CONVERSION = YES;
				GCC_WARN_ABOUT_RETURN_TYPE = YES_ERROR;
				GCC_WARN_UNDECLARED_SELECTOR = YES;
				GCC_WARN_UNINITIALIZED_AUTOS = YES_AGGRESSIVE;
				GCC_WARN_UNUSED_FUNCTION = YES;
				GCC_WARN_UNUSED_VARIABLE = YES;
				MACOSX_DEPLOYMENT_TARGET = 10.15;
				MTL_ENABLE_DEBUG_INFO = NO;
				SDKROOT = macosx;
				SWIFT_COMPILATION_MODE = wholemodule;
				SWIFT_OPTIMIZATION_LEVEL = "-O";
			};
			name = Release;
		};
		4651A17420083BF800037D31 /* Debug */ = {
			isa = XCBuildConfiguration;
			buildSettings = {
				ASSETCATALOG_COMPILER_APPICON_NAME = AppIcon;
				CODE_SIGN_IDENTITY = "Apple Development";
				CODE_SIGN_STYLE = Automatic;
				COMBINE_HIDPI_IMAGES = YES;
				DEVELOPMENT_TEAM = 67Y4NSLDQ3;
				ENABLE_HARDENED_RUNTIME = YES;
				INFOPLIST_FILE = AdversaryLabSwift/Info.plist;
				LD_RUNPATH_SEARCH_PATHS = (
					"$(inherited)",
					"@executable_path/../Frameworks",
					"@executable_path/Frameworks",
				);
				LIBRARY_SEARCH_PATHS = (
					"$(inherited)",
					"$(SDKROOT)/usr/lib/swift",
				);
				PRODUCT_BUNDLE_IDENTIFIER = org.operatorFoundation.AdversaryLabSwift;
				PRODUCT_NAME = "$(TARGET_NAME)";
				PROVISIONING_PROFILE_SPECIFIER = "";
				SWIFT_VERSION = 5.0;
			};
			name = Debug;
		};
		4651A17520083BF800037D31 /* Release */ = {
			isa = XCBuildConfiguration;
			buildSettings = {
				ASSETCATALOG_COMPILER_APPICON_NAME = AppIcon;
				CODE_SIGN_IDENTITY = "Apple Development";
				CODE_SIGN_STYLE = Automatic;
				COMBINE_HIDPI_IMAGES = YES;
				DEVELOPMENT_TEAM = 67Y4NSLDQ3;
				ENABLE_HARDENED_RUNTIME = YES;
				INFOPLIST_FILE = AdversaryLabSwift/Info.plist;
				LD_RUNPATH_SEARCH_PATHS = (
					"$(inherited)",
					"@executable_path/../Frameworks",
					"@executable_path/Frameworks",
				);
				LIBRARY_SEARCH_PATHS = (
					"$(inherited)",
					"$(SDKROOT)/usr/lib/swift",
				);
				PRODUCT_BUNDLE_IDENTIFIER = org.operatorFoundation.AdversaryLabSwift;
				PRODUCT_NAME = "$(TARGET_NAME)";
				PROVISIONING_PROFILE_SPECIFIER = "";
				SWIFT_VERSION = 5.0;
			};
			name = Release;
		};
		4651A17720083BF800037D31 /* Debug */ = {
			isa = XCBuildConfiguration;
			buildSettings = {
				ALWAYS_EMBED_SWIFT_STANDARD_LIBRARIES = YES;
				BUNDLE_LOADER = "$(TEST_HOST)";
				CODE_SIGN_IDENTITY = "Mac Developer";
				CODE_SIGN_STYLE = Automatic;
				COMBINE_HIDPI_IMAGES = YES;
				DEVELOPMENT_TEAM = 67Y4NSLDQ3;
				INFOPLIST_FILE = AdversaryLabSwiftTests/Info.plist;
				LD_RUNPATH_SEARCH_PATHS = (
					"$(inherited)",
					"@executable_path/../Frameworks",
					"@loader_path/../Frameworks",
				);
				PRODUCT_BUNDLE_IDENTIFIER = org.operatorFoundation.AdversaryLabSwiftTests;
				PRODUCT_NAME = "$(TARGET_NAME)";
				PROVISIONING_PROFILE_SPECIFIER = "";
				SWIFT_VERSION = 5.0;
				TEST_HOST = "$(BUILT_PRODUCTS_DIR)/AdversaryLabSwift.app/Contents/MacOS/AdversaryLabSwift";
			};
			name = Debug;
		};
		4651A17820083BF800037D31 /* Release */ = {
			isa = XCBuildConfiguration;
			buildSettings = {
				ALWAYS_EMBED_SWIFT_STANDARD_LIBRARIES = YES;
				BUNDLE_LOADER = "$(TEST_HOST)";
				CODE_SIGN_IDENTITY = "Mac Developer";
				CODE_SIGN_STYLE = Automatic;
				COMBINE_HIDPI_IMAGES = YES;
				DEVELOPMENT_TEAM = 67Y4NSLDQ3;
				INFOPLIST_FILE = AdversaryLabSwiftTests/Info.plist;
				LD_RUNPATH_SEARCH_PATHS = (
					"$(inherited)",
					"@executable_path/../Frameworks",
					"@loader_path/../Frameworks",
				);
				PRODUCT_BUNDLE_IDENTIFIER = org.operatorFoundation.AdversaryLabSwiftTests;
				PRODUCT_NAME = "$(TARGET_NAME)";
				PROVISIONING_PROFILE_SPECIFIER = "";
				SWIFT_VERSION = 5.0;
				TEST_HOST = "$(BUILT_PRODUCTS_DIR)/AdversaryLabSwift.app/Contents/MacOS/AdversaryLabSwift";
			};
			name = Release;
		};
		4651A17A20083BF800037D31 /* Debug */ = {
			isa = XCBuildConfiguration;
			buildSettings = {
				ALWAYS_EMBED_SWIFT_STANDARD_LIBRARIES = YES;
				CODE_SIGN_STYLE = Automatic;
				COMBINE_HIDPI_IMAGES = YES;
				DEVELOPMENT_TEAM = 67Y4NSLDQ3;
				INFOPLIST_FILE = AdversaryLabSwiftUITests/Info.plist;
				LD_RUNPATH_SEARCH_PATHS = (
					"$(inherited)",
					"@executable_path/../Frameworks",
					"@loader_path/../Frameworks",
				);
				PRODUCT_BUNDLE_IDENTIFIER = org.operatorFoundation.AdversaryLabSwiftUITests;
				PRODUCT_NAME = "$(TARGET_NAME)";
				SWIFT_VERSION = 5.0;
				TEST_TARGET_NAME = AdversaryLabSwift;
			};
			name = Debug;
		};
		4651A17B20083BF800037D31 /* Release */ = {
			isa = XCBuildConfiguration;
			buildSettings = {
				ALWAYS_EMBED_SWIFT_STANDARD_LIBRARIES = YES;
				CODE_SIGN_STYLE = Automatic;
				COMBINE_HIDPI_IMAGES = YES;
				DEVELOPMENT_TEAM = 67Y4NSLDQ3;
				INFOPLIST_FILE = AdversaryLabSwiftUITests/Info.plist;
				LD_RUNPATH_SEARCH_PATHS = (
					"$(inherited)",
					"@executable_path/../Frameworks",
					"@loader_path/../Frameworks",
				);
				PRODUCT_BUNDLE_IDENTIFIER = org.operatorFoundation.AdversaryLabSwiftUITests;
				PRODUCT_NAME = "$(TARGET_NAME)";
				SWIFT_VERSION = 5.0;
				TEST_TARGET_NAME = AdversaryLabSwift;
			};
			name = Release;
		};
/* End XCBuildConfiguration section */

/* Begin XCConfigurationList section */
		4651A14820083BF700037D31 /* Build configuration list for PBXProject "AdversaryLabSwift" */ = {
			isa = XCConfigurationList;
			buildConfigurations = (
				4651A17120083BF800037D31 /* Debug */,
				4651A17220083BF800037D31 /* Release */,
			);
			defaultConfigurationIsVisible = 0;
			defaultConfigurationName = Release;
		};
		4651A17320083BF800037D31 /* Build configuration list for PBXNativeTarget "AdversaryLabSwift" */ = {
			isa = XCConfigurationList;
			buildConfigurations = (
				4651A17420083BF800037D31 /* Debug */,
				4651A17520083BF800037D31 /* Release */,
			);
			defaultConfigurationIsVisible = 0;
			defaultConfigurationName = Release;
		};
		4651A17620083BF800037D31 /* Build configuration list for PBXNativeTarget "AdversaryLabSwiftTests" */ = {
			isa = XCConfigurationList;
			buildConfigurations = (
				4651A17720083BF800037D31 /* Debug */,
				4651A17820083BF800037D31 /* Release */,
			);
			defaultConfigurationIsVisible = 0;
			defaultConfigurationName = Release;
		};
		4651A17920083BF800037D31 /* Build configuration list for PBXNativeTarget "AdversaryLabSwiftUITests" */ = {
			isa = XCConfigurationList;
			buildConfigurations = (
				4651A17A20083BF800037D31 /* Debug */,
				4651A17B20083BF800037D31 /* Release */,
			);
			defaultConfigurationIsVisible = 0;
			defaultConfigurationName = Release;
		};
/* End XCConfigurationList section */

/* Begin XCRemoteSwiftPackageReference section */
		AE17920424DCC53800620B5E /* XCRemoteSwiftPackageReference "AdversaryLabClientSwift" */ = {
			isa = XCRemoteSwiftPackageReference;
			repositoryURL = "https://github.com/OperatorFoundation/AdversaryLabClientSwift.git";
			requirement = {
				kind = upToNextMajorVersion;
				minimumVersion = 0.0.3;
			};
		};
		AE17920724DCC55F00620B5E /* XCRemoteSwiftPackageReference "ZIPFoundation" */ = {
			isa = XCRemoteSwiftPackageReference;
			repositoryURL = "https://github.com/weichsel/ZIPFoundation";
			requirement = {
				kind = upToNextMajorVersion;
				minimumVersion = 0.9.11;
			};
		};
		AE17920A24DCC5AB00620B5E /* XCRemoteSwiftPackageReference "Song" */ = {
			isa = XCRemoteSwiftPackageReference;
			repositoryURL = "https://github.com/OperatorFoundation/Song.git";
			requirement = {
				kind = upToNextMajorVersion;
				minimumVersion = 0.0.23;
			};
		};
		AE17920F24DCC5CE00620B5E /* XCRemoteSwiftPackageReference "Auburn" */ = {
			isa = XCRemoteSwiftPackageReference;
			repositoryURL = "https://github.com/OperatorFoundation/Auburn.git";
			requirement = {
				kind = upToNextMajorVersion;
				minimumVersion = 0.6.2;
			};
		};
		AE17921224DCC5E900620B5E /* XCRemoteSwiftPackageReference "Datable" */ = {
			isa = XCRemoteSwiftPackageReference;
			repositoryURL = "https://github.com/OperatorFoundation/Datable.git";
			requirement = {
				kind = upToNextMajorVersion;
				minimumVersion = 3.0.2;
			};
		};
		AE17921524DCC61500620B5E /* XCRemoteSwiftPackageReference "Abacus" */ = {
			isa = XCRemoteSwiftPackageReference;
			repositoryURL = "https://github.com/OperatorFoundation/Abacus.git";
			requirement = {
				kind = upToNextMajorVersion;
				minimumVersion = 1.0.2;
			};
		};
		AE17921824DCC67A00620B5E /* XCRemoteSwiftPackageReference "Charts" */ = {
			isa = XCRemoteSwiftPackageReference;
			repositoryURL = "https://github.com/danielgindi/Charts";
			requirement = {
				kind = upToNextMajorVersion;
				minimumVersion = 3.5.0;
			};
		};
		AE17922024E3011300620B5E /* XCRemoteSwiftPackageReference "Axis" */ = {
			isa = XCRemoteSwiftPackageReference;
			repositoryURL = "https://github.com/OperatorFoundation/Axis";
			requirement = {
				kind = upToNextMajorVersion;
				minimumVersion = 1.0.3;
			};
		};
/* End XCRemoteSwiftPackageReference section */

/* Begin XCSwiftPackageProductDependency section */
		AE17920524DCC53800620B5E /* RawPacket */ = {
			isa = XCSwiftPackageProductDependency;
			package = AE17920424DCC53800620B5E /* XCRemoteSwiftPackageReference "AdversaryLabClientSwift" */;
			productName = RawPacket;
		};
		AE17920824DCC55F00620B5E /* ZIPFoundation */ = {
			isa = XCSwiftPackageProductDependency;
			package = AE17920724DCC55F00620B5E /* XCRemoteSwiftPackageReference "ZIPFoundation" */;
			productName = ZIPFoundation;
		};
		AE17920B24DCC5AB00620B5E /* Symphony */ = {
			isa = XCSwiftPackageProductDependency;
			package = AE17920A24DCC5AB00620B5E /* XCRemoteSwiftPackageReference "Song" */;
			productName = Symphony;
		};
		AE17920D24DCC5AB00620B5E /* Song */ = {
			isa = XCSwiftPackageProductDependency;
			package = AE17920A24DCC5AB00620B5E /* XCRemoteSwiftPackageReference "Song" */;
			productName = Song;
		};
		AE17921024DCC5CE00620B5E /* Auburn */ = {
			isa = XCSwiftPackageProductDependency;
			package = AE17920F24DCC5CE00620B5E /* XCRemoteSwiftPackageReference "Auburn" */;
			productName = Auburn;
		};
		AE17921324DCC5E900620B5E /* Datable */ = {
			isa = XCSwiftPackageProductDependency;
			package = AE17921224DCC5E900620B5E /* XCRemoteSwiftPackageReference "Datable" */;
			productName = Datable;
		};
		AE17921624DCC61500620B5E /* Abacus */ = {
			isa = XCSwiftPackageProductDependency;
			package = AE17921524DCC61500620B5E /* XCRemoteSwiftPackageReference "Abacus" */;
			productName = Abacus;
		};
		AE17921924DCC67A00620B5E /* Charts */ = {
			isa = XCSwiftPackageProductDependency;
			package = AE17921824DCC67A00620B5E /* XCRemoteSwiftPackageReference "Charts" */;
			productName = Charts;
		};
		AE17922124E3011300620B5E /* Axis */ = {
			isa = XCSwiftPackageProductDependency;
			package = AE17922024E3011300620B5E /* XCRemoteSwiftPackageReference "Axis" */;
			productName = Axis;
		};
/* End XCSwiftPackageProductDependency section */
	};
	rootObject = 4651A14520083BF700037D31 /* Project object */;
}
