{
  "object": {
    "pins": [
      {
        "package": "Abacus",
        "repositoryURL": "https://github.com/OperatorFoundation/Abacus.git",
        "state": {
          "branch": null,
          "revision": "46348c7cdbdba22fb46bdc654ab3143611aa2092",
          "version": "1.0.2"
        }
      },
      {
        "package": "AdversaryLabClientSwift",
        "repositoryURL": "https://github.com/OperatorFoundation/AdversaryLabClientSwift.git",
        "state": {
          "branch": null,
          "revision": "8e0c6545dbe1f4764b274816488cd1a756b83666",
          "version": "0.0.5"
        }
      },
      {
        "package": "Auburn",
        "repositoryURL": "https://github.com/OperatorFoundation/Auburn.git",
        "state": {
          "branch": null,
          "revision": "b2747ebe6a8e5ee60962c87c2eef1112e96151f9",
          "version": "0.6.2"
        }
      },
      {
        "package": "Axis",
        "repositoryURL": "https://github.com/OperatorFoundation/Axis",
        "state": {
          "branch": null,
          "revision": "14fee853db8fbeb1436dfeaa2167181966dd04af",
          "version": "1.0.3"
        }
      },
      {
        "package": "Bits",
        "repositoryURL": "https://github.com/OperatorFoundation/Bits.git",
        "state": {
          "branch": null,
          "revision": "d6bdf981268cae74ac670b07b27602ac35fee77f",
          "version": "1.0.5"
        }
      },
      {
        "package": "Charts",
        "repositoryURL": "https://github.com/danielgindi/Charts",
        "state": {
          "branch": null,
          "revision": "66546404a6739173b8e436ab6bc1f2897cd08594",
          "version": "3.6.0"
        }
      },
      {
        "package": "Datable",
        "repositoryURL": "https://github.com/OperatorFoundation/Datable.git",
        "state": {
          "branch": null,
          "revision": "1c23f2b72d0d0cf4386fad05f8a5db4b91e8d304",
          "version": "3.0.2"
        }
      },
      {
        "package": "InternetProtocols",
        "repositoryURL": "https://github.com/OperatorFoundation/InternetProtocols.git",
        "state": {
          "branch": null,
          "revision": "07f3ef27293905aa34a3d031a581b4e610bd12b6",
          "version": "1.0.9"
        }
      },
      {
        "package": "RedShot",
        "repositoryURL": "https://github.com/OperatorFoundation/Redshot.git",
        "state": {
          "branch": null,
          "revision": "d610adbedaa5273f7cd8c928816e4e8c3edc01af",
          "version": "0.8.5"
        }
      },
      {
        "package": "Song",
        "repositoryURL": "https://github.com/OperatorFoundation/Song.git",
        "state": {
          "branch": null,
          "revision": "9a2e23e0db2fc23edcbaa8a9b57b0c7b533a915b",
          "version": "0.1.0"
        }
      },
      {
        "package": "swift-argument-parser",
        "repositoryURL": "https://github.com/apple/swift-argument-parser.git",
        "state": {
          "branch": null,
          "revision": "92646c0cdbaca076c8d3d0207891785b3379cbff",
          "version": "0.3.1"
        }
      },
      {
        "package": "swift-ast",
        "repositoryURL": "https://github.com/yanagiba/swift-ast",
        "state": {
          "branch": null,
          "revision": "e8507d78b32dbd33ea5ea975bbbc82b7613870a1",
          "version": "0.19.9"
        }
      },
      {
        "package": "SwiftHexTools",
        "repositoryURL": "https://github.com/OperatorFoundation/SwiftHexTools",
        "state": {
          "branch": null,
          "revision": "4ce4a4f66eea05c900d447af8c07ecaac720716c",
          "version": "1.2.2"
        }
      },
      {
        "package": "SwiftPCAP",
        "repositoryURL": "https://github.com/OperatorFoundation/SwiftPCAP.git",
        "state": {
          "branch": null,
          "revision": "4ac0911d2f3d5611baa9c8a4ba56e4841c90ebb4",
          "version": "1.1.8"
        }
      },
      {
        "package": "SwiftQueue",
        "repositoryURL": "https://github.com/OperatorFoundation/SwiftQueue.git",
        "state": {
          "branch": null,
          "revision": "0e5979acbb104516a427bb2bb09debc50ca100b4",
          "version": "0.0.3"
        }
      },
      {
        "package": "ZIPFoundation",
        "repositoryURL": "https://github.com/weichsel/ZIPFoundation",
        "state": {
          "branch": null,
          "revision": "ec32d62d412578542c0ffb7a6ce34d3e64b43b94",
          "version": "0.9.11"
        }
      }
    ]
  },
  "version": 1
}
