{
  "object": {
    "pins": [
      {
        "package": "Datable",
        "repositoryURL": "https://github.com/OperatorFoundation/Datable",
        "state": {
          "branch": null,
          "revision": "7387409895e3998d9169007df3fd4a37ad74cb4a",
          "version": "2.0.2"
        }
      },
      {
        "package": "Rethink",
        "repositoryURL": "https://github.com/OperatorFoundation/rethink-swift",
        "state": {
          "branch": null,
          "revision": "f8a2e7c7aa424066b8cc8b4aedd73edf180ef3d8",
          "version": "1.1.0"
        }
      },
      {
        "package": "Song",
        "repositoryURL": "https://github.com/OperatorFoundation/Song.git",
        "state": {
          "branch": null,
          "revision": "13a2c3e217ff1b75089e5a3c06fb675a60944b51",
          "version": "0.0.12"
        }
      },
      {
        "package": "swift-ast",
        "repositoryURL": "https://github.com/yanagiba/swift-ast",
        "state": {
          "branch": null,
          "revision": "e8507d78b32dbd33ea5ea975bbbc82b7613870a1",
          "version": "0.19.9"
        }
      },
      {
        "package": "ZIPFoundation",
        "repositoryURL": "https://github.com/weichsel/ZIPFoundation/",
        "state": {
          "branch": null,
          "revision": "ec32d62d412578542c0ffb7a6ce34d3e64b43b94",
          "version": "0.9.11"
        }
      }
    ]
  },
  "version": 1
}
